PODS:
  - TraceLog/Core (0.4.1)
  - TraceLog/ObjC (0.4.1):
    - TraceLog/Core
  - TraceLog/Swift (0.4.1):
    - TraceLog/Core

DEPENDENCIES:
  - TraceLog/ObjC (from `../`)
  - TraceLog/Swift (from `../`)

EXTERNAL SOURCES:
  TraceLog:
    :path: "../"

SPEC CHECKSUMS:
  TraceLog: 365803e750bc239a07066c8172b18251e9b6a028

COCOAPODS: 0.39.0
