PODS:
  - TraceLog/Core (0.4.3)
  - TraceLog/ObjC (0.4.3):
    - TraceLog/Core
  - TraceLog/Swift (0.4.3):
    - TraceLog/Core

DEPENDENCIES:
  - TraceLog/ObjC (from `../`)
  - TraceLog/Swift (from `../`)

EXTERNAL SOURCES:
  TraceLog:
    :path: "../"

SPEC CHECKSUMS:
  TraceLog: b255d870b6b47d5c8b638dc289351a1ec1032244

COCOAPODS: 0.39.0
