PODS:
  - TraceLog/Core (0.4.1)
  - TraceLog/ObjC (0.4.1):
    - TraceLog/Core
  - TraceLog/Swift (0.4.1):
    - TraceLog/Core

DEPENDENCIES:
  - TraceLog/ObjC (from `../`)
  - TraceLog/Swift (from `../`)

EXTERNAL SOURCES:
  TraceLog:
    :path: "../"

SPEC CHECKSUMS:
  TraceLog: ad771d96238588a23d34ce1b0c3d32f0b93e5878

COCOAPODS: 0.39.0
