// !$*UTF8*$!
{
	archiveVersion = 1;
	classes = {
	};
	objectVersion = 46;
	objects = {

/* Begin PBXAggregateTarget section */
		EA7E7AEE1DA2025000E3B511 /* Process Test Files */ = {
			isa = PBXAggregateTarget;
			buildConfigurationList = EA7E7AEF1DA2025000E3B511 /* Build configuration list for PBXAggregateTarget "Process Test Files" */;
			buildPhases = (
				EA7E7AF21DA2025700E3B511 /* ShellScript */,
			);
			dependencies = (
			);
			name = "Process Test Files";
			productName = "Process Test Files";
		};
/* End PBXAggregateTarget section */

/* Begin PBXBuildFile section */
		15AD96B28ACC3642C42D5C35 /* Pods_TraceLog_iOS_Tests.framework in Frameworks */ = {isa = PBXBuildFile; fileRef = 57AED31A36AFF901BC5A0E63 /* Pods_TraceLog_iOS_Tests.framework */; };
		51E3CD6AD183ED086C06B05D /* Pods_TraceLog_iOS.framework in Frameworks */ = {isa = PBXBuildFile; fileRef = 27D7F4C2BCD83FA1A87F4FE7 /* Pods_TraceLog_iOS.framework */; };
		95DFDDDB574286D9737F7C6D /* Pods_TraceLog_OSX.framework in Frameworks */ = {isa = PBXBuildFile; fileRef = D063B377EF428F4934F11DFC /* Pods_TraceLog_OSX.framework */; };
		BAE221D3234050DBFC2DFD10 /* Pods_TraceLog_OSX_Tests.framework in Frameworks */ = {isa = PBXBuildFile; fileRef = C0FE882C098E5BF8E836F517 /* Pods_TraceLog_OSX_Tests.framework */; };
		EA0B86C31DB4266B0048B0B6 /* AppDelegate.swift in Sources */ = {isa = PBXBuildFile; fileRef = EA0B86C21DB4266B0048B0B6 /* AppDelegate.swift */; };
		EA0B86C51DB4266B0048B0B6 /* Assets.xcassets in Resources */ = {isa = PBXBuildFile; fileRef = EA0B86C41DB4266B0048B0B6 /* Assets.xcassets */; };
		EA0B86C81DB4266B0048B0B6 /* MainMenu.xib in Resources */ = {isa = PBXBuildFile; fileRef = EA0B86C61DB4266B0048B0B6 /* MainMenu.xib */; };
		EA0B86DE1DB4280C0048B0B6 /* ExpectationValues.swift in Sources */ = {isa = PBXBuildFile; fileRef = EA90A6281DA72C4F00B12B76 /* ExpectationValues.swift */; };
		EA0B86DF1DB4280F0048B0B6 /* EnvironmentTests.swift in Sources */ = {isa = PBXBuildFile; fileRef = EA1E259A1DA5864100CECAA8 /* EnvironmentTests.swift */; };
		EA0B86E01DB428110048B0B6 /* ConfigurationTests.swift in Sources */ = {isa = PBXBuildFile; fileRef = EA68802B1DA5AE0400119145 /* ConfigurationTests.swift */; };
		EA0B86E11DB428160048B0B6 /* TraceLogPerformanceTests.swift in Sources */ = {isa = PBXBuildFile; fileRef = EA7E7B081DA297A400E3B511 /* TraceLogPerformanceTests.swift */; };
		EA0B86E21DB4281F0048B0B6 /* TraceLogTests.swift in Sources */ = {isa = PBXBuildFile; fileRef = EA7E7B0A1DA297A400E3B511 /* TraceLogTests.swift */; };
		EA0B86E41DB428280048B0B6 /* LoggerProxy.swift in Sources */ = {isa = PBXBuildFile; fileRef = EA7E7B021DA297A400E3B511 /* LoggerProxy.swift */; };
		EA0B86E51DB4282B0048B0B6 /* TraceLogTests.m in Sources */ = {isa = PBXBuildFile; fileRef = EA7E7B051DA297A400E3B511 /* TraceLogTests.m */; };
		EA51B84E1DB3FC2A007551DC /* AppDelegate.swift in Sources */ = {isa = PBXBuildFile; fileRef = EA51B84D1DB3FC2A007551DC /* AppDelegate.swift */; };
		EA51B8501DB3FC2A007551DC /* ViewController.swift in Sources */ = {isa = PBXBuildFile; fileRef = EA51B84F1DB3FC2A007551DC /* ViewController.swift */; };
		EA51B8531DB3FC2A007551DC /* Main.storyboard in Resources */ = {isa = PBXBuildFile; fileRef = EA51B8511DB3FC2A007551DC /* Main.storyboard */; };
		EA51B8551DB3FC2A007551DC /* Assets.xcassets in Resources */ = {isa = PBXBuildFile; fileRef = EA51B8541DB3FC2A007551DC /* Assets.xcassets */; };
		EA51B8581DB3FC2A007551DC /* LaunchScreen.storyboard in Resources */ = {isa = PBXBuildFile; fileRef = EA51B8561DB3FC2A007551DC /* LaunchScreen.storyboard */; };
		EAEE78651DB50EE8002D984E /* TLLoggerTests.m in Sources */ = {isa = PBXBuildFile; fileRef = EAEE78641DB50EE8002D984E /* TLLoggerTests.m */; };
		EAEE78661DB50EE8002D984E /* TLLoggerTests.m in Sources */ = {isa = PBXBuildFile; fileRef = EAEE78641DB50EE8002D984E /* TLLoggerTests.m */; };
		EAF067131DB4017D00E641E2 /* TraceLogTests.m in Sources */ = {isa = PBXBuildFile; fileRef = EA7E7B051DA297A400E3B511 /* TraceLogTests.m */; };
		EAF067141DB4018700E641E2 /* TraceLogPerformanceTests.m in Sources */ = {isa = PBXBuildFile; fileRef = EA7E7B041DA297A400E3B511 /* TraceLogPerformanceTests.m */; };
		EAF067151DB4019300E641E2 /* TraceLogTests.swift in Sources */ = {isa = PBXBuildFile; fileRef = EA7E7B0A1DA297A400E3B511 /* TraceLogTests.swift */; };
		EAF067161DB4019700E641E2 /* TraceLogPerformanceTests.swift in Sources */ = {isa = PBXBuildFile; fileRef = EA7E7B081DA297A400E3B511 /* TraceLogPerformanceTests.swift */; };
		EAF067171DB4019C00E641E2 /* ConfigurationTests.swift in Sources */ = {isa = PBXBuildFile; fileRef = EA68802B1DA5AE0400119145 /* ConfigurationTests.swift */; };
		EAF067181DB4019F00E641E2 /* EnvironmentTests.swift in Sources */ = {isa = PBXBuildFile; fileRef = EA1E259A1DA5864100CECAA8 /* EnvironmentTests.swift */; };
		EAF067191DB401A400E641E2 /* ExpectationValues.swift in Sources */ = {isa = PBXBuildFile; fileRef = EA90A6281DA72C4F00B12B76 /* ExpectationValues.swift */; };
		EAF0671A1DB401C800E641E2 /* LoggerProxy.swift in Sources */ = {isa = PBXBuildFile; fileRef = EA7E7B021DA297A400E3B511 /* LoggerProxy.swift */; };
/* End PBXBuildFile section */

/* Begin PBXContainerItemProxy section */
		EA0B86CF1DB4266B0048B0B6 /* PBXContainerItemProxy */ = {
			isa = PBXContainerItemProxy;
			containerPortal = 6003F582195388D10070C39A /* Project object */;
			proxyType = 1;
			remoteGlobalIDString = EA0B86BF1DB4266B0048B0B6;
			remoteInfo = "TraceLog-OSX";
		};
		EA51B85F1DB3FC2A007551DC /* PBXContainerItemProxy */ = {
			isa = PBXContainerItemProxy;
			containerPortal = 6003F582195388D10070C39A /* Project object */;
			proxyType = 1;
			remoteGlobalIDString = EA51B84A1DB3FC2A007551DC;
			remoteInfo = "TraceLog-iOS";
		};
/* End PBXContainerItemProxy section */

/* Begin PBXFileReference section */
		03F60E2D7BA57EDBAEF16B43 /* Pods-TraceLog-iOS-Tests.release.xcconfig */ = {isa = PBXFileReference; includeInIndex = 1; lastKnownFileType = text.xcconfig; name = "Pods-TraceLog-iOS-Tests.release.xcconfig"; path = "Pods/Target Support Files/Pods-TraceLog-iOS-Tests/Pods-TraceLog-iOS-Tests.release.xcconfig"; sourceTree = "<group>"; };
		07634F9C9D528916420BDD4B /* Pods-TraceLog-iOS-Tests.debug.xcconfig */ = {isa = PBXFileReference; includeInIndex = 1; lastKnownFileType = text.xcconfig; name = "Pods-TraceLog-iOS-Tests.debug.xcconfig"; path = "Pods/Target Support Files/Pods-TraceLog-iOS-Tests/Pods-TraceLog-iOS-Tests.debug.xcconfig"; sourceTree = "<group>"; };
		1114AFE75770FDCCAADD266F /* TraceLog.podspec */ = {isa = PBXFileReference; includeInIndex = 1; lastKnownFileType = text; name = TraceLog.podspec; path = ../TraceLog.podspec; sourceTree = "<group>"; };
		27D7F4C2BCD83FA1A87F4FE7 /* Pods_TraceLog_iOS.framework */ = {isa = PBXFileReference; explicitFileType = wrapper.framework; includeInIndex = 0; path = Pods_TraceLog_iOS.framework; sourceTree = BUILT_PRODUCTS_DIR; };
		3669818474ED4C3372731A77 /* CHANGELOG.md */ = {isa = PBXFileReference; fileEncoding = 4; lastKnownFileType = net.daringfireball.markdown; name = CHANGELOG.md; path = ../CHANGELOG.md; sourceTree = "<group>"; };
		57AED31A36AFF901BC5A0E63 /* Pods_TraceLog_iOS_Tests.framework */ = {isa = PBXFileReference; explicitFileType = wrapper.framework; includeInIndex = 0; path = Pods_TraceLog_iOS_Tests.framework; sourceTree = BUILT_PRODUCTS_DIR; };
		6003F58D195388D20070C39A /* Foundation.framework */ = {isa = PBXFileReference; lastKnownFileType = wrapper.framework; name = Foundation.framework; path = System/Library/Frameworks/Foundation.framework; sourceTree = SDKROOT; };
		6003F58F195388D20070C39A /* CoreGraphics.framework */ = {isa = PBXFileReference; lastKnownFileType = wrapper.framework; name = CoreGraphics.framework; path = System/Library/Frameworks/CoreGraphics.framework; sourceTree = SDKROOT; };
		6003F591195388D20070C39A /* UIKit.framework */ = {isa = PBXFileReference; lastKnownFileType = wrapper.framework; name = UIKit.framework; path = System/Library/Frameworks/UIKit.framework; sourceTree = SDKROOT; };
		6003F5AF195388D20070C39A /* XCTest.framework */ = {isa = PBXFileReference; lastKnownFileType = wrapper.framework; name = XCTest.framework; path = Library/Frameworks/XCTest.framework; sourceTree = DEVELOPER_DIR; };
		80A4C846D301093D2C7B815A /* README.md */ = {isa = PBXFileReference; includeInIndex = 1; lastKnownFileType = net.daringfireball.markdown; name = README.md; path = ../README.md; sourceTree = "<group>"; };
		891473E71DC2552104DE267A /* Pods-TraceLog-OSX-Tests.debug.xcconfig */ = {isa = PBXFileReference; includeInIndex = 1; lastKnownFileType = text.xcconfig; name = "Pods-TraceLog-OSX-Tests.debug.xcconfig"; path = "Pods/Target Support Files/Pods-TraceLog-OSX-Tests/Pods-TraceLog-OSX-Tests.debug.xcconfig"; sourceTree = "<group>"; };
		8DF17784A5C7FB790721CD56 /* Pods-TraceLog-OSX.debug.xcconfig */ = {isa = PBXFileReference; includeInIndex = 1; lastKnownFileType = text.xcconfig; name = "Pods-TraceLog-OSX.debug.xcconfig"; path = "Pods/Target Support Files/Pods-TraceLog-OSX/Pods-TraceLog-OSX.debug.xcconfig"; sourceTree = "<group>"; };
		C0FE882C098E5BF8E836F517 /* Pods_TraceLog_OSX_Tests.framework */ = {isa = PBXFileReference; explicitFileType = wrapper.framework; includeInIndex = 0; path = Pods_TraceLog_OSX_Tests.framework; sourceTree = BUILT_PRODUCTS_DIR; };
		C6FC67581D386ED7A654BFBA /* Pods-TraceLog-OSX.release.xcconfig */ = {isa = PBXFileReference; includeInIndex = 1; lastKnownFileType = text.xcconfig; name = "Pods-TraceLog-OSX.release.xcconfig"; path = "Pods/Target Support Files/Pods-TraceLog-OSX/Pods-TraceLog-OSX.release.xcconfig"; sourceTree = "<group>"; };
		D063B377EF428F4934F11DFC /* Pods_TraceLog_OSX.framework */ = {isa = PBXFileReference; explicitFileType = wrapper.framework; includeInIndex = 0; path = Pods_TraceLog_OSX.framework; sourceTree = BUILT_PRODUCTS_DIR; };
		EA0B86C01DB4266B0048B0B6 /* TraceLog-OSX.app */ = {isa = PBXFileReference; explicitFileType = wrapper.application; includeInIndex = 0; path = "TraceLog-OSX.app"; sourceTree = BUILT_PRODUCTS_DIR; };
		EA0B86C21DB4266B0048B0B6 /* AppDelegate.swift */ = {isa = PBXFileReference; lastKnownFileType = sourcecode.swift; path = AppDelegate.swift; sourceTree = "<group>"; };
		EA0B86C41DB4266B0048B0B6 /* Assets.xcassets */ = {isa = PBXFileReference; lastKnownFileType = folder.assetcatalog; path = Assets.xcassets; sourceTree = "<group>"; };
		EA0B86C71DB4266B0048B0B6 /* Base */ = {isa = PBXFileReference; lastKnownFileType = file.xib; name = Base; path = Base.lproj/MainMenu.xib; sourceTree = "<group>"; };
		EA0B86C91DB4266B0048B0B6 /* Info.plist */ = {isa = PBXFileReference; lastKnownFileType = text.plist.xml; path = Info.plist; sourceTree = "<group>"; };
		EA0B86CE1DB4266B0048B0B6 /* TraceLog-OSX-Tests.xctest */ = {isa = PBXFileReference; explicitFileType = wrapper.cfbundle; includeInIndex = 0; path = "TraceLog-OSX-Tests.xctest"; sourceTree = BUILT_PRODUCTS_DIR; };
		EA0B86DB1DB4269A0048B0B6 /* Info.plist */ = {isa = PBXFileReference; fileEncoding = 4; lastKnownFileType = text.plist.xml; name = Info.plist; path = "TraceLog-iOS-Tests/Info.plist"; sourceTree = SOURCE_ROOT; };
		EA0B86DD1DB426ED0048B0B6 /* Info.plist */ = {isa = PBXFileReference; lastKnownFileType = text.plist.xml; name = Info.plist; path = "TraceLog-OSX-Tests/Info.plist"; sourceTree = SOURCE_ROOT; };
		EA1DD02A1DAEDBF5007BEB25 /* Gemfile.osx */ = {isa = PBXFileReference; explicitFileType = text.script.ruby; name = Gemfile.osx; path = ../Gemfile.osx; sourceTree = "<group>"; xcLanguageSpecificationIdentifier = xcode.lang.ruby; };
		EA1DD02B1DAFFA4E007BEB25 /* .gitignore */ = {isa = PBXFileReference; lastKnownFileType = text; name = .gitignore; path = ../.gitignore; sourceTree = "<group>"; };
		EA1E259A1DA5864100CECAA8 /* EnvironmentTests.swift */ = {isa = PBXFileReference; fileEncoding = 4; lastKnownFileType = sourcecode.swift; path = EnvironmentTests.swift; sourceTree = "<group>"; };
		EA2FC7ED1DA4538A00902D21 /* codecov.yml */ = {isa = PBXFileReference; lastKnownFileType = text; name = codecov.yml; path = ../codecov.yml; sourceTree = "<group>"; };
		EA51B84B1DB3FC2A007551DC /* TraceLog-iOS.app */ = {isa = PBXFileReference; explicitFileType = wrapper.application; includeInIndex = 0; path = "TraceLog-iOS.app"; sourceTree = BUILT_PRODUCTS_DIR; };
		EA51B84D1DB3FC2A007551DC /* AppDelegate.swift */ = {isa = PBXFileReference; lastKnownFileType = sourcecode.swift; path = AppDelegate.swift; sourceTree = "<group>"; };
		EA51B84F1DB3FC2A007551DC /* ViewController.swift */ = {isa = PBXFileReference; lastKnownFileType = sourcecode.swift; path = ViewController.swift; sourceTree = "<group>"; };
		EA51B8521DB3FC2A007551DC /* Base */ = {isa = PBXFileReference; lastKnownFileType = file.storyboard; name = Base; path = Base.lproj/Main.storyboard; sourceTree = "<group>"; };
		EA51B8541DB3FC2A007551DC /* Assets.xcassets */ = {isa = PBXFileReference; lastKnownFileType = folder.assetcatalog; path = Assets.xcassets; sourceTree = "<group>"; };
		EA51B8571DB3FC2A007551DC /* Base */ = {isa = PBXFileReference; lastKnownFileType = file.storyboard; name = Base; path = Base.lproj/LaunchScreen.storyboard; sourceTree = "<group>"; };
		EA51B8591DB3FC2A007551DC /* Info.plist */ = {isa = PBXFileReference; lastKnownFileType = text.plist.xml; path = Info.plist; sourceTree = "<group>"; };
		EA51B85E1DB3FC2A007551DC /* TraceLog-iOS-Tests.xctest */ = {isa = PBXFileReference; explicitFileType = wrapper.cfbundle; includeInIndex = 0; path = "TraceLog-iOS-Tests.xctest"; sourceTree = BUILT_PRODUCTS_DIR; };
		EA5C7FD31BEBCD8E00B3951D /* .travis.yml */ = {isa = PBXFileReference; lastKnownFileType = text; name = .travis.yml; path = ../.travis.yml; sourceTree = "<group>"; };
		EA68802B1DA5AE0400119145 /* ConfigurationTests.swift */ = {isa = PBXFileReference; fileEncoding = 4; lastKnownFileType = sourcecode.swift; path = ConfigurationTests.swift; sourceTree = "<group>"; };
		EA7E7AB41DA0C8B800E3B511 /* Vagrantfile */ = {isa = PBXFileReference; explicitFileType = text.script.ruby; name = Vagrantfile; path = ../Vagrantfile; sourceTree = "<group>"; xcLanguageSpecificationIdentifier = xcode.lang.ruby; };
		EA7E7AB51DA0CB8100E3B511 /* Package.swift */ = {isa = PBXFileReference; lastKnownFileType = sourcecode.swift; name = Package.swift; path = ../Package.swift; sourceTree = "<group>"; };
		EA7E7AF71DA206D800E3B511 /* generate_xctest_linux_runner.rb */ = {isa = PBXFileReference; fileEncoding = 4; lastKnownFileType = text.script.ruby; path = generate_xctest_linux_runner.rb; sourceTree = "<group>"; };
		EA7E7B021DA297A400E3B511 /* LoggerProxy.swift */ = {isa = PBXFileReference; lastKnownFileType = sourcecode.swift; path = LoggerProxy.swift; sourceTree = "<group>"; };
		EA7E7B041DA297A400E3B511 /* TraceLogPerformanceTests.m */ = {isa = PBXFileReference; lastKnownFileType = sourcecode.c.objc; path = TraceLogPerformanceTests.m; sourceTree = "<group>"; };
		EA7E7B051DA297A400E3B511 /* TraceLogTests.m */ = {isa = PBXFileReference; lastKnownFileType = sourcecode.c.objc; path = TraceLogTests.m; sourceTree = "<group>"; };
		EA7E7B081DA297A400E3B511 /* TraceLogPerformanceTests.swift */ = {isa = PBXFileReference; lastKnownFileType = sourcecode.swift; path = TraceLogPerformanceTests.swift; sourceTree = "<group>"; };
		EA7E7B0A1DA297A400E3B511 /* TraceLogTests.swift */ = {isa = PBXFileReference; lastKnownFileType = sourcecode.swift; path = TraceLogTests.swift; sourceTree = "<group>"; };
		EA90A6281DA72C4F00B12B76 /* ExpectationValues.swift */ = {isa = PBXFileReference; fileEncoding = 4; lastKnownFileType = sourcecode.swift; path = ExpectationValues.swift; sourceTree = "<group>"; };
		EAB6DE011DA01D1E00ACEEF3 /* TraceLog.playground */ = {isa = PBXFileReference; lastKnownFileType = file.playground; path = TraceLog.playground; sourceTree = "<group>"; };
		EAE2A6D71DA314BE0042AF83 /* Tests-Bridging-Header.h */ = {isa = PBXFileReference; lastKnownFileType = sourcecode.c.h; path = "Tests-Bridging-Header.h"; sourceTree = "<group>"; };
		EAEE78641DB50EE8002D984E /* TLLoggerTests.m */ = {isa = PBXFileReference; fileEncoding = 4; lastKnownFileType = sourcecode.c.objc; path = TLLoggerTests.m; sourceTree = "<group>"; };
		ED1178223449E14D366EF420 /* Pods-TraceLog-iOS.debug.xcconfig */ = {isa = PBXFileReference; includeInIndex = 1; lastKnownFileType = text.xcconfig; name = "Pods-TraceLog-iOS.debug.xcconfig"; path = "Pods/Target Support Files/Pods-TraceLog-iOS/Pods-TraceLog-iOS.debug.xcconfig"; sourceTree = "<group>"; };
		EEAE2A58843DC65665DF8047 /* Pods-TraceLog-iOS.release.xcconfig */ = {isa = PBXFileReference; includeInIndex = 1; lastKnownFileType = text.xcconfig; name = "Pods-TraceLog-iOS.release.xcconfig"; path = "Pods/Target Support Files/Pods-TraceLog-iOS/Pods-TraceLog-iOS.release.xcconfig"; sourceTree = "<group>"; };
		F6F6EC735F92A56AF571C04D /* Pods-TraceLog-OSX-Tests.release.xcconfig */ = {isa = PBXFileReference; includeInIndex = 1; lastKnownFileType = text.xcconfig; name = "Pods-TraceLog-OSX-Tests.release.xcconfig"; path = "Pods/Target Support Files/Pods-TraceLog-OSX-Tests/Pods-TraceLog-OSX-Tests.release.xcconfig"; sourceTree = "<group>"; };
		F87B3B34F4B8B59C25C88136 /* LICENSE */ = {isa = PBXFileReference; includeInIndex = 1; lastKnownFileType = text; name = LICENSE; path = ../LICENSE; sourceTree = "<group>"; };
/* End PBXFileReference section */

/* Begin PBXFrameworksBuildPhase section */
		EA0B86BD1DB4266B0048B0B6 /* Frameworks */ = {
			isa = PBXFrameworksBuildPhase;
			buildActionMask = 2147483647;
			files = (
				95DFDDDB574286D9737F7C6D /* Pods_TraceLog_OSX.framework in Frameworks */,
			);
			runOnlyForDeploymentPostprocessing = 0;
		};
		EA0B86CB1DB4266B0048B0B6 /* Frameworks */ = {
			isa = PBXFrameworksBuildPhase;
			buildActionMask = 2147483647;
			files = (
				BAE221D3234050DBFC2DFD10 /* Pods_TraceLog_OSX_Tests.framework in Frameworks */,
			);
			runOnlyForDeploymentPostprocessing = 0;
		};
		EA51B8481DB3FC2A007551DC /* Frameworks */ = {
			isa = PBXFrameworksBuildPhase;
			buildActionMask = 2147483647;
			files = (
				51E3CD6AD183ED086C06B05D /* Pods_TraceLog_iOS.framework in Frameworks */,
			);
			runOnlyForDeploymentPostprocessing = 0;
		};
		EA51B85B1DB3FC2A007551DC /* Frameworks */ = {
			isa = PBXFrameworksBuildPhase;
			buildActionMask = 2147483647;
			files = (
				15AD96B28ACC3642C42D5C35 /* Pods_TraceLog_iOS_Tests.framework in Frameworks */,
			);
			runOnlyForDeploymentPostprocessing = 0;
		};
/* End PBXFrameworksBuildPhase section */

/* Begin PBXGroup section */
		053161EC629F5937483997A8 /* Pods */ = {
			isa = PBXGroup;
			children = (
				8DF17784A5C7FB790721CD56 /* Pods-TraceLog-OSX.debug.xcconfig */,
				C6FC67581D386ED7A654BFBA /* Pods-TraceLog-OSX.release.xcconfig */,
				891473E71DC2552104DE267A /* Pods-TraceLog-OSX-Tests.debug.xcconfig */,
				F6F6EC735F92A56AF571C04D /* Pods-TraceLog-OSX-Tests.release.xcconfig */,
				ED1178223449E14D366EF420 /* Pods-TraceLog-iOS.debug.xcconfig */,
				EEAE2A58843DC65665DF8047 /* Pods-TraceLog-iOS.release.xcconfig */,
				07634F9C9D528916420BDD4B /* Pods-TraceLog-iOS-Tests.debug.xcconfig */,
				03F60E2D7BA57EDBAEF16B43 /* Pods-TraceLog-iOS-Tests.release.xcconfig */,
			);
			name = Pods;
			sourceTree = "<group>";
		};
		6003F581195388D10070C39A = {
			isa = PBXGroup;
			children = (
				60FF7A9C1954A5C5007DD14C /* Podspec Metadata */,
				EAB6DE001DA01CFE00ACEEF3 /* Playground */,
				EA51B84C1DB3FC2A007551DC /* TraceLog-iOS */,
				EA51B8611DB3FC2A007551DC /* TraceLog-iOS-Tests */,
				EA0B86C11DB4266B0048B0B6 /* TraceLog-OSX */,
				EA0B86D11DB4266B0048B0B6 /* TraceLog-OSX-Tests */,
				EA30384C1BEA94DC00DC4084 /* Tests */,
				6003F58C195388D20070C39A /* Frameworks */,
				6003F58B195388D20070C39A /* Products */,
				053161EC629F5937483997A8 /* Pods */,
				EA7E7AE11DA1EF9400E3B511 /* Scripts */,
			);
			sourceTree = "<group>";
		};
		6003F58B195388D20070C39A /* Products */ = {
			isa = PBXGroup;
			children = (
				EA51B84B1DB3FC2A007551DC /* TraceLog-iOS.app */,
				EA51B85E1DB3FC2A007551DC /* TraceLog-iOS-Tests.xctest */,
				EA0B86C01DB4266B0048B0B6 /* TraceLog-OSX.app */,
				EA0B86CE1DB4266B0048B0B6 /* TraceLog-OSX-Tests.xctest */,
			);
			name = Products;
			sourceTree = "<group>";
		};
		6003F58C195388D20070C39A /* Frameworks */ = {
			isa = PBXGroup;
			children = (
				6003F58D195388D20070C39A /* Foundation.framework */,
				6003F58F195388D20070C39A /* CoreGraphics.framework */,
				6003F591195388D20070C39A /* UIKit.framework */,
				6003F5AF195388D20070C39A /* XCTest.framework */,
				D063B377EF428F4934F11DFC /* Pods_TraceLog_OSX.framework */,
				C0FE882C098E5BF8E836F517 /* Pods_TraceLog_OSX_Tests.framework */,
				27D7F4C2BCD83FA1A87F4FE7 /* Pods_TraceLog_iOS.framework */,
				57AED31A36AFF901BC5A0E63 /* Pods_TraceLog_iOS_Tests.framework */,
			);
			name = Frameworks;
			sourceTree = "<group>";
		};
		60FF7A9C1954A5C5007DD14C /* Podspec Metadata */ = {
			isa = PBXGroup;
			children = (
				1114AFE75770FDCCAADD266F /* TraceLog.podspec */,
				80A4C846D301093D2C7B815A /* README.md */,
				F87B3B34F4B8B59C25C88136 /* LICENSE */,
				EA5C7FD31BEBCD8E00B3951D /* .travis.yml */,
				EA2FC7ED1DA4538A00902D21 /* codecov.yml */,
				EA7E7AB51DA0CB8100E3B511 /* Package.swift */,
				EA7E7AB41DA0C8B800E3B511 /* Vagrantfile */,
				EA1DD02A1DAEDBF5007BEB25 /* Gemfile.osx */,
				EA1DD02B1DAFFA4E007BEB25 /* .gitignore */,
				3669818474ED4C3372731A77 /* CHANGELOG.md */,
			);
			name = "Podspec Metadata";
			sourceTree = "<group>";
		};
		EA0B86C11DB4266B0048B0B6 /* TraceLog-OSX */ = {
			isa = PBXGroup;
			children = (
				EA0B86C21DB4266B0048B0B6 /* AppDelegate.swift */,
				EA0B86C41DB4266B0048B0B6 /* Assets.xcassets */,
				EA0B86C61DB4266B0048B0B6 /* MainMenu.xib */,
				EA0B86C91DB4266B0048B0B6 /* Info.plist */,
			);
			path = "TraceLog-OSX";
			sourceTree = "<group>";
		};
		EA0B86D11DB4266B0048B0B6 /* TraceLog-OSX-Tests */ = {
			isa = PBXGroup;
			children = (
				EA0B86DD1DB426ED0048B0B6 /* Info.plist */,
			);
			path = "TraceLog-OSX-Tests";
			sourceTree = "<group>";
		};
		EA30384C1BEA94DC00DC4084 /* Tests */ = {
			isa = PBXGroup;
			children = (
				EAE2A6D71DA314BE0042AF83 /* Tests-Bridging-Header.h */,
				EA7E7B011DA297A400E3B511 /* TraceLogObjCTests */,
				EA7E7B061DA297A400E3B511 /* TraceLogTests */,
			);
			name = Tests;
			path = ../Tests;
			sourceTree = SOURCE_ROOT;
		};
		EA51B84C1DB3FC2A007551DC /* TraceLog-iOS */ = {
			isa = PBXGroup;
			children = (
				EA51B84D1DB3FC2A007551DC /* AppDelegate.swift */,
				EA51B84F1DB3FC2A007551DC /* ViewController.swift */,
				EA51B8511DB3FC2A007551DC /* Main.storyboard */,
				EA51B8541DB3FC2A007551DC /* Assets.xcassets */,
				EA51B8561DB3FC2A007551DC /* LaunchScreen.storyboard */,
				EA51B8591DB3FC2A007551DC /* Info.plist */,
			);
			path = "TraceLog-iOS";
			sourceTree = "<group>";
		};
		EA51B8611DB3FC2A007551DC /* TraceLog-iOS-Tests */ = {
			isa = PBXGroup;
			children = (
				EA0B86DB1DB4269A0048B0B6 /* Info.plist */,
			);
			path = "TraceLog-iOS-Tests";
			sourceTree = "<group>";
		};
		EA7E7AE11DA1EF9400E3B511 /* Scripts */ = {
			isa = PBXGroup;
			children = (
				EA7E7AF71DA206D800E3B511 /* generate_xctest_linux_runner.rb */,
			);
			name = Scripts;
			path = ../Scripts;
			sourceTree = SOURCE_ROOT;
		};
		EA7E7B011DA297A400E3B511 /* TraceLogObjCTests */ = {
			isa = PBXGroup;
			children = (
				EA7E7B051DA297A400E3B511 /* TraceLogTests.m */,
				EA7E7B041DA297A400E3B511 /* TraceLogPerformanceTests.m */,
				EAEE78641DB50EE8002D984E /* TLLoggerTests.m */,
				EA7E7B021DA297A400E3B511 /* LoggerProxy.swift */,
			);
			path = TraceLogObjCTests;
			sourceTree = "<group>";
		};
		EA7E7B061DA297A400E3B511 /* TraceLogTests */ = {
			isa = PBXGroup;
			children = (
				EA7E7B0A1DA297A400E3B511 /* TraceLogTests.swift */,
				EA7E7B081DA297A400E3B511 /* TraceLogPerformanceTests.swift */,
				EA68802B1DA5AE0400119145 /* ConfigurationTests.swift */,
				EA1E259A1DA5864100CECAA8 /* EnvironmentTests.swift */,
				EA90A6281DA72C4F00B12B76 /* ExpectationValues.swift */,
			);
			path = TraceLogTests;
			sourceTree = "<group>";
		};
		EAB6DE001DA01CFE00ACEEF3 /* Playground */ = {
			isa = PBXGroup;
			children = (
				EAB6DE011DA01D1E00ACEEF3 /* TraceLog.playground */,
			);
			name = Playground;
			sourceTree = "<group>";
		};
/* End PBXGroup section */

/* Begin PBXNativeTarget section */
		EA0B86BF1DB4266B0048B0B6 /* TraceLog-OSX */ = {
			isa = PBXNativeTarget;
			buildConfigurationList = EA0B86D91DB4266B0048B0B6 /* Build configuration list for PBXNativeTarget "TraceLog-OSX" */;
			buildPhases = (
				FDD14A09EB0D619EB0553C62 /* [CP] Check Pods Manifest.lock */,
				EA0B86BC1DB4266B0048B0B6 /* Sources */,
				EA0B86BD1DB4266B0048B0B6 /* Frameworks */,
				EA0B86BE1DB4266B0048B0B6 /* Resources */,
				C66D2B43507DB81039263188 /* [CP] Embed Pods Frameworks */,
				F75163AD661A2B470E4797C6 /* [CP] Copy Pods Resources */,
			);
			buildRules = (
			);
			dependencies = (
			);
			name = "TraceLog-OSX";
			productName = "TraceLog-OSX";
			productReference = EA0B86C01DB4266B0048B0B6 /* TraceLog-OSX.app */;
			productType = "com.apple.product-type.application";
		};
		EA0B86CD1DB4266B0048B0B6 /* TraceLog-OSX-Tests */ = {
			isa = PBXNativeTarget;
			buildConfigurationList = EA0B86DA1DB4266B0048B0B6 /* Build configuration list for PBXNativeTarget "TraceLog-OSX-Tests" */;
			buildPhases = (
				82BE3C2CF2FC60332F57E1B7 /* [CP] Check Pods Manifest.lock */,
				EA0B86CA1DB4266B0048B0B6 /* Sources */,
				EA0B86CB1DB4266B0048B0B6 /* Frameworks */,
				EA0B86CC1DB4266B0048B0B6 /* Resources */,
				8D00E5600E7FE6C2F933DCD3 /* [CP] Embed Pods Frameworks */,
				BDD4C2C0F283C197AF135E69 /* [CP] Copy Pods Resources */,
			);
			buildRules = (
			);
			dependencies = (
				EA0B86D01DB4266B0048B0B6 /* PBXTargetDependency */,
			);
			name = "TraceLog-OSX-Tests";
			productName = "TraceLog-OSX-Tests";
			productReference = EA0B86CE1DB4266B0048B0B6 /* TraceLog-OSX-Tests.xctest */;
			productType = "com.apple.product-type.bundle.unit-test";
		};
		EA51B84A1DB3FC2A007551DC /* TraceLog-iOS */ = {
			isa = PBXNativeTarget;
			buildConfigurationList = EA51B8651DB3FC2A007551DC /* Build configuration list for PBXNativeTarget "TraceLog-iOS" */;
			buildPhases = (
				D6B0088F1D827386366D3FA7 /* [CP] Check Pods Manifest.lock */,
				EA51B8471DB3FC2A007551DC /* Sources */,
				EA51B8481DB3FC2A007551DC /* Frameworks */,
				EA51B8491DB3FC2A007551DC /* Resources */,
				9BC86AA450860CF540198346 /* [CP] Embed Pods Frameworks */,
				277CF8DF73D522635DC59582 /* [CP] Copy Pods Resources */,
			);
			buildRules = (
			);
			dependencies = (
			);
			name = "TraceLog-iOS";
			productName = "TraceLog-iOS";
			productReference = EA51B84B1DB3FC2A007551DC /* TraceLog-iOS.app */;
			productType = "com.apple.product-type.application";
		};
		EA51B85D1DB3FC2A007551DC /* TraceLog-iOS-Tests */ = {
			isa = PBXNativeTarget;
			buildConfigurationList = EA51B8681DB3FC2A007551DC /* Build configuration list for PBXNativeTarget "TraceLog-iOS-Tests" */;
			buildPhases = (
				47D12FA9F3BBCD1C53F49683 /* [CP] Check Pods Manifest.lock */,
				EA51B85A1DB3FC2A007551DC /* Sources */,
				EA51B85B1DB3FC2A007551DC /* Frameworks */,
				EA51B85C1DB3FC2A007551DC /* Resources */,
				41F3F9FCD804F21004B57697 /* [CP] Embed Pods Frameworks */,
				71B771B44AFCC93CEA531D93 /* [CP] Copy Pods Resources */,
			);
			buildRules = (
			);
			dependencies = (
				EA51B8601DB3FC2A007551DC /* PBXTargetDependency */,
			);
			name = "TraceLog-iOS-Tests";
			productName = "TraceLog-iOS-Tests";
			productReference = EA51B85E1DB3FC2A007551DC /* TraceLog-iOS-Tests.xctest */;
			productType = "com.apple.product-type.bundle.unit-test";
		};
/* End PBXNativeTarget section */

/* Begin PBXProject section */
		6003F582195388D10070C39A /* Project object */ = {
			isa = PBXProject;
			attributes = {
				CLASSPREFIX = TL;
				LastSwiftUpdateCheck = 0800;
				LastUpgradeCheck = 0800;
				ORGANIZATIONNAME = "Tony Stone";
				TargetAttributes = {
					EA0B86BF1DB4266B0048B0B6 = {
						CreatedOnToolsVersion = 8.0;
						ProvisioningStyle = Automatic;
					};
					EA0B86CD1DB4266B0048B0B6 = {
						CreatedOnToolsVersion = 8.0;
						ProvisioningStyle = Automatic;
						TestTargetID = EA0B86BF1DB4266B0048B0B6;
					};
					EA51B84A1DB3FC2A007551DC = {
						CreatedOnToolsVersion = 8.0;
						DevelopmentTeam = MR4939Y2DA;
						ProvisioningStyle = Manual;
					};
					EA51B85D1DB3FC2A007551DC = {
						CreatedOnToolsVersion = 8.0;
						ProvisioningStyle = Manual;
						TestTargetID = EA51B84A1DB3FC2A007551DC;
					};
				};
			};
			buildConfigurationList = 6003F585195388D10070C39A /* Build configuration list for PBXProject "TraceLog" */;
			compatibilityVersion = "Xcode 3.2";
			developmentRegion = English;
			hasScannedForEncodings = 0;
			knownRegions = (
				en,
				Base,
			);
			mainGroup = 6003F581195388D10070C39A;
			productRefGroup = 6003F58B195388D20070C39A /* Products */;
			projectDirPath = "";
			projectRoot = "";
			targets = (
				EA51B84A1DB3FC2A007551DC /* TraceLog-iOS */,
				EA51B85D1DB3FC2A007551DC /* TraceLog-iOS-Tests */,
				EA0B86BF1DB4266B0048B0B6 /* TraceLog-OSX */,
				EA0B86CD1DB4266B0048B0B6 /* TraceLog-OSX-Tests */,
				EA7E7AEE1DA2025000E3B511 /* Process Test Files */,
			);
		};
/* End PBXProject section */

/* Begin PBXResourcesBuildPhase section */
		EA0B86BE1DB4266B0048B0B6 /* Resources */ = {
			isa = PBXResourcesBuildPhase;
			buildActionMask = 2147483647;
			files = (
				EA0B86C51DB4266B0048B0B6 /* Assets.xcassets in Resources */,
				EA0B86C81DB4266B0048B0B6 /* MainMenu.xib in Resources */,
			);
			runOnlyForDeploymentPostprocessing = 0;
		};
		EA0B86CC1DB4266B0048B0B6 /* Resources */ = {
			isa = PBXResourcesBuildPhase;
			buildActionMask = 2147483647;
			files = (
			);
			runOnlyForDeploymentPostprocessing = 0;
		};
		EA51B8491DB3FC2A007551DC /* Resources */ = {
			isa = PBXResourcesBuildPhase;
			buildActionMask = 2147483647;
			files = (
				EA51B8581DB3FC2A007551DC /* LaunchScreen.storyboard in Resources */,
				EA51B8551DB3FC2A007551DC /* Assets.xcassets in Resources */,
				EA51B8531DB3FC2A007551DC /* Main.storyboard in Resources */,
			);
			runOnlyForDeploymentPostprocessing = 0;
		};
		EA51B85C1DB3FC2A007551DC /* Resources */ = {
			isa = PBXResourcesBuildPhase;
			buildActionMask = 2147483647;
			files = (
			);
			runOnlyForDeploymentPostprocessing = 0;
		};
/* End PBXResourcesBuildPhase section */

/* Begin PBXShellScriptBuildPhase section */
		277CF8DF73D522635DC59582 /* [CP] Copy Pods Resources */ = {
			isa = PBXShellScriptBuildPhase;
			buildActionMask = 2147483647;
			files = (
			);
			inputPaths = (
			);
			name = "[CP] Copy Pods Resources";
			outputPaths = (
			);
			runOnlyForDeploymentPostprocessing = 0;
			shellPath = /bin/sh;
			shellScript = "\"${SRCROOT}/Pods/Target Support Files/Pods-TraceLog-iOS/Pods-TraceLog-iOS-resources.sh\"\n";
			showEnvVarsInLog = 0;
		};
		41F3F9FCD804F21004B57697 /* [CP] Embed Pods Frameworks */ = {
			isa = PBXShellScriptBuildPhase;
			buildActionMask = 2147483647;
			files = (
			);
			inputPaths = (
			);
			name = "[CP] Embed Pods Frameworks";
			outputPaths = (
			);
			runOnlyForDeploymentPostprocessing = 0;
			shellPath = /bin/sh;
			shellScript = "\"${SRCROOT}/Pods/Target Support Files/Pods-TraceLog-iOS-Tests/Pods-TraceLog-iOS-Tests-frameworks.sh\"\n";
			showEnvVarsInLog = 0;
		};
		47D12FA9F3BBCD1C53F49683 /* [CP] Check Pods Manifest.lock */ = {
			isa = PBXShellScriptBuildPhase;
			buildActionMask = 2147483647;
			files = (
			);
			inputPaths = (
			);
			name = "[CP] Check Pods Manifest.lock";
			outputPaths = (
			);
			runOnlyForDeploymentPostprocessing = 0;
			shellPath = /bin/sh;
			shellScript = "diff \"${PODS_ROOT}/../Podfile.lock\" \"${PODS_ROOT}/Manifest.lock\" > /dev/null\nif [ $? != 0 ] ; then\n    # print error to STDERR\n    echo \"error: The sandbox is not in sync with the Podfile.lock. Run 'pod install' or update your CocoaPods installation.\" >&2\n    exit 1\nfi\n";
			showEnvVarsInLog = 0;
		};
		71B771B44AFCC93CEA531D93 /* [CP] Copy Pods Resources */ = {
			isa = PBXShellScriptBuildPhase;
			buildActionMask = 2147483647;
			files = (
			);
			inputPaths = (
			);
			name = "[CP] Copy Pods Resources";
			outputPaths = (
			);
			runOnlyForDeploymentPostprocessing = 0;
			shellPath = /bin/sh;
			shellScript = "\"${SRCROOT}/Pods/Target Support Files/Pods-TraceLog-iOS-Tests/Pods-TraceLog-iOS-Tests-resources.sh\"\n";
			showEnvVarsInLog = 0;
		};
		82BE3C2CF2FC60332F57E1B7 /* [CP] Check Pods Manifest.lock */ = {
			isa = PBXShellScriptBuildPhase;
			buildActionMask = 2147483647;
			files = (
			);
			inputPaths = (
			);
			name = "[CP] Check Pods Manifest.lock";
			outputPaths = (
			);
			runOnlyForDeploymentPostprocessing = 0;
			shellPath = /bin/sh;
			shellScript = "diff \"${PODS_ROOT}/../Podfile.lock\" \"${PODS_ROOT}/Manifest.lock\" > /dev/null\nif [ $? != 0 ] ; then\n    # print error to STDERR\n    echo \"error: The sandbox is not in sync with the Podfile.lock. Run 'pod install' or update your CocoaPods installation.\" >&2\n    exit 1\nfi\n";
			showEnvVarsInLog = 0;
		};
		8D00E5600E7FE6C2F933DCD3 /* [CP] Embed Pods Frameworks */ = {
			isa = PBXShellScriptBuildPhase;
			buildActionMask = 2147483647;
			files = (
			);
			inputPaths = (
			);
			name = "[CP] Embed Pods Frameworks";
			outputPaths = (
			);
			runOnlyForDeploymentPostprocessing = 0;
			shellPath = /bin/sh;
			shellScript = "\"${SRCROOT}/Pods/Target Support Files/Pods-TraceLog-OSX-Tests/Pods-TraceLog-OSX-Tests-frameworks.sh\"\n";
			showEnvVarsInLog = 0;
		};
		9BC86AA450860CF540198346 /* [CP] Embed Pods Frameworks */ = {
			isa = PBXShellScriptBuildPhase;
			buildActionMask = 2147483647;
			files = (
			);
			inputPaths = (
			);
			name = "[CP] Embed Pods Frameworks";
			outputPaths = (
			);
			runOnlyForDeploymentPostprocessing = 0;
			shellPath = /bin/sh;
			shellScript = "\"${SRCROOT}/Pods/Target Support Files/Pods-TraceLog-iOS/Pods-TraceLog-iOS-frameworks.sh\"\n";
			showEnvVarsInLog = 0;
		};
		BDD4C2C0F283C197AF135E69 /* [CP] Copy Pods Resources */ = {
			isa = PBXShellScriptBuildPhase;
			buildActionMask = 2147483647;
			files = (
			);
			inputPaths = (
			);
			name = "[CP] Copy Pods Resources";
			outputPaths = (
			);
			runOnlyForDeploymentPostprocessing = 0;
			shellPath = /bin/sh;
			shellScript = "\"${SRCROOT}/Pods/Target Support Files/Pods-TraceLog-OSX-Tests/Pods-TraceLog-OSX-Tests-resources.sh\"\n";
			showEnvVarsInLog = 0;
		};
		C66D2B43507DB81039263188 /* [CP] Embed Pods Frameworks */ = {
			isa = PBXShellScriptBuildPhase;
			buildActionMask = 2147483647;
			files = (
			);
			inputPaths = (
			);
			name = "[CP] Embed Pods Frameworks";
			outputPaths = (
			);
			runOnlyForDeploymentPostprocessing = 0;
			shellPath = /bin/sh;
			shellScript = "\"${SRCROOT}/Pods/Target Support Files/Pods-TraceLog-OSX/Pods-TraceLog-OSX-frameworks.sh\"\n";
			showEnvVarsInLog = 0;
		};
		D6B0088F1D827386366D3FA7 /* [CP] Check Pods Manifest.lock */ = {
			isa = PBXShellScriptBuildPhase;
			buildActionMask = 2147483647;
			files = (
			);
			inputPaths = (
			);
			name = "[CP] Check Pods Manifest.lock";
			outputPaths = (
			);
			runOnlyForDeploymentPostprocessing = 0;
			shellPath = /bin/sh;
			shellScript = "diff \"${PODS_ROOT}/../Podfile.lock\" \"${PODS_ROOT}/Manifest.lock\" > /dev/null\nif [ $? != 0 ] ; then\n    # print error to STDERR\n    echo \"error: The sandbox is not in sync with the Podfile.lock. Run 'pod install' or update your CocoaPods installation.\" >&2\n    exit 1\nfi\n";
			showEnvVarsInLog = 0;
		};
		EA7E7AF21DA2025700E3B511 /* ShellScript */ = {
			isa = PBXShellScriptBuildPhase;
			buildActionMask = 2147483647;
			files = (
			);
			inputPaths = (
			);
			outputPaths = (
			);
			runOnlyForDeploymentPostprocessing = 0;
			shellPath = /bin/sh;
			shellScript = "export LC_ALL=en_US.UTF-8\ncd ../\nScripts/generate_xctest_linux_runner.rb";
		};
		F75163AD661A2B470E4797C6 /* [CP] Copy Pods Resources */ = {
			isa = PBXShellScriptBuildPhase;
			buildActionMask = 2147483647;
			files = (
			);
			inputPaths = (
			);
			name = "[CP] Copy Pods Resources";
			outputPaths = (
			);
			runOnlyForDeploymentPostprocessing = 0;
			shellPath = /bin/sh;
			shellScript = "\"${SRCROOT}/Pods/Target Support Files/Pods-TraceLog-OSX/Pods-TraceLog-OSX-resources.sh\"\n";
			showEnvVarsInLog = 0;
		};
		FDD14A09EB0D619EB0553C62 /* [CP] Check Pods Manifest.lock */ = {
			isa = PBXShellScriptBuildPhase;
			buildActionMask = 2147483647;
			files = (
			);
			inputPaths = (
			);
			name = "[CP] Check Pods Manifest.lock";
			outputPaths = (
			);
			runOnlyForDeploymentPostprocessing = 0;
			shellPath = /bin/sh;
			shellScript = "diff \"${PODS_ROOT}/../Podfile.lock\" \"${PODS_ROOT}/Manifest.lock\" > /dev/null\nif [ $? != 0 ] ; then\n    # print error to STDERR\n    echo \"error: The sandbox is not in sync with the Podfile.lock. Run 'pod install' or update your CocoaPods installation.\" >&2\n    exit 1\nfi\n";
			showEnvVarsInLog = 0;
		};
/* End PBXShellScriptBuildPhase section */

/* Begin PBXSourcesBuildPhase section */
		EA0B86BC1DB4266B0048B0B6 /* Sources */ = {
			isa = PBXSourcesBuildPhase;
			buildActionMask = 2147483647;
			files = (
				EA0B86C31DB4266B0048B0B6 /* AppDelegate.swift in Sources */,
			);
			runOnlyForDeploymentPostprocessing = 0;
		};
		EA0B86CA1DB4266B0048B0B6 /* Sources */ = {
			isa = PBXSourcesBuildPhase;
			buildActionMask = 2147483647;
			files = (
				EA0B86DE1DB4280C0048B0B6 /* ExpectationValues.swift in Sources */,
				EA0B86DF1DB4280F0048B0B6 /* EnvironmentTests.swift in Sources */,
				EA0B86E01DB428110048B0B6 /* ConfigurationTests.swift in Sources */,
				EA0B86E11DB428160048B0B6 /* TraceLogPerformanceTests.swift in Sources */,
				EA0B86E21DB4281F0048B0B6 /* TraceLogTests.swift in Sources */,
				EAEE78661DB50EE8002D984E /* TLLoggerTests.m in Sources */,
				EA0B86E51DB4282B0048B0B6 /* TraceLogTests.m in Sources */,
				EA0B86E41DB428280048B0B6 /* LoggerProxy.swift in Sources */,
			);
			runOnlyForDeploymentPostprocessing = 0;
		};
		EA51B8471DB3FC2A007551DC /* Sources */ = {
			isa = PBXSourcesBuildPhase;
			buildActionMask = 2147483647;
			files = (
				EA51B8501DB3FC2A007551DC /* ViewController.swift in Sources */,
				EA51B84E1DB3FC2A007551DC /* AppDelegate.swift in Sources */,
			);
			runOnlyForDeploymentPostprocessing = 0;
		};
		EA51B85A1DB3FC2A007551DC /* Sources */ = {
			isa = PBXSourcesBuildPhase;
			buildActionMask = 2147483647;
			files = (
				EAF067131DB4017D00E641E2 /* TraceLogTests.m in Sources */,
				EAF067161DB4019700E641E2 /* TraceLogPerformanceTests.swift in Sources */,
				EAEE78651DB50EE8002D984E /* TLLoggerTests.m in Sources */,
				EAF067171DB4019C00E641E2 /* ConfigurationTests.swift in Sources */,
				EAF067151DB4019300E641E2 /* TraceLogTests.swift in Sources */,
				EAF067141DB4018700E641E2 /* TraceLogPerformanceTests.m in Sources */,
				EAF067191DB401A400E641E2 /* ExpectationValues.swift in Sources */,
				EAF0671A1DB401C800E641E2 /* LoggerProxy.swift in Sources */,
				EAF067181DB4019F00E641E2 /* EnvironmentTests.swift in Sources */,
			);
			runOnlyForDeploymentPostprocessing = 0;
		};
/* End PBXSourcesBuildPhase section */

/* Begin PBXTargetDependency section */
		EA0B86D01DB4266B0048B0B6 /* PBXTargetDependency */ = {
			isa = PBXTargetDependency;
			target = EA0B86BF1DB4266B0048B0B6 /* TraceLog-OSX */;
			targetProxy = EA0B86CF1DB4266B0048B0B6 /* PBXContainerItemProxy */;
		};
		EA51B8601DB3FC2A007551DC /* PBXTargetDependency */ = {
			isa = PBXTargetDependency;
			target = EA51B84A1DB3FC2A007551DC /* TraceLog-iOS */;
			targetProxy = EA51B85F1DB3FC2A007551DC /* PBXContainerItemProxy */;
		};
/* End PBXTargetDependency section */

/* Begin PBXVariantGroup section */
		EA0B86C61DB4266B0048B0B6 /* MainMenu.xib */ = {
			isa = PBXVariantGroup;
			children = (
				EA0B86C71DB4266B0048B0B6 /* Base */,
			);
			name = MainMenu.xib;
			sourceTree = "<group>";
		};
		EA51B8511DB3FC2A007551DC /* Main.storyboard */ = {
			isa = PBXVariantGroup;
			children = (
				EA51B8521DB3FC2A007551DC /* Base */,
			);
			name = Main.storyboard;
			sourceTree = "<group>";
		};
		EA51B8561DB3FC2A007551DC /* LaunchScreen.storyboard */ = {
			isa = PBXVariantGroup;
			children = (
				EA51B8571DB3FC2A007551DC /* Base */,
			);
			name = LaunchScreen.storyboard;
			sourceTree = "<group>";
		};
/* End PBXVariantGroup section */

/* Begin XCBuildConfiguration section */
		6003F5BD195388D20070C39A /* Debug */ = {
			isa = XCBuildConfiguration;
			buildSettings = {
				ALWAYS_SEARCH_USER_PATHS = NO;
				CLANG_CXX_LANGUAGE_STANDARD = "gnu++0x";
				CLANG_CXX_LIBRARY = "libc++";
				CLANG_ENABLE_MODULES = YES;
				CLANG_ENABLE_OBJC_ARC = YES;
				CLANG_WARN_BOOL_CONVERSION = YES;
				CLANG_WARN_CONSTANT_CONVERSION = YES;
				CLANG_WARN_DIRECT_OBJC_ISA_USAGE = YES_ERROR;
				CLANG_WARN_EMPTY_BODY = YES;
				CLANG_WARN_ENUM_CONVERSION = YES;
				CLANG_WARN_INFINITE_RECURSION = YES;
				CLANG_WARN_INT_CONVERSION = YES;
				CLANG_WARN_OBJC_ROOT_CLASS = YES_ERROR;
				CLANG_WARN_SUSPICIOUS_MOVE = YES;
				CLANG_WARN_UNREACHABLE_CODE = YES;
				CLANG_WARN__DUPLICATE_METHOD_MATCH = YES;
				"CODE_SIGN_IDENTITY[sdk=iphoneos*]" = "iPhone Developer";
				COPY_PHASE_STRIP = NO;
				ENABLE_STRICT_OBJC_MSGSEND = YES;
				ENABLE_TESTABILITY = YES;
				GCC_C_LANGUAGE_STANDARD = gnu99;
				GCC_DYNAMIC_NO_PIC = NO;
				GCC_NO_COMMON_BLOCKS = YES;
				GCC_OPTIMIZATION_LEVEL = 0;
				GCC_PREPROCESSOR_DEFINITIONS = (
					"DEBUG=1",
					"$(inherited)",
				);
				GCC_SYMBOLS_PRIVATE_EXTERN = NO;
				GCC_WARN_64_TO_32_BIT_CONVERSION = YES;
				GCC_WARN_ABOUT_RETURN_TYPE = YES_ERROR;
				GCC_WARN_UNDECLARED_SELECTOR = YES;
				GCC_WARN_UNINITIALIZED_AUTOS = YES_AGGRESSIVE;
				GCC_WARN_UNUSED_FUNCTION = YES;
				GCC_WARN_UNUSED_VARIABLE = YES;
				IPHONEOS_DEPLOYMENT_TARGET = 8.0;
				MACOSX_DEPLOYMENT_TARGET = 10.10;
				ONLY_ACTIVE_ARCH = YES;
				SDKROOT = iphoneos;
				TARGETED_DEVICE_FAMILY = "1,2";
			};
			name = Debug;
		};
		6003F5BE195388D20070C39A /* Release */ = {
			isa = XCBuildConfiguration;
			buildSettings = {
				ALWAYS_SEARCH_USER_PATHS = NO;
				CLANG_CXX_LANGUAGE_STANDARD = "gnu++0x";
				CLANG_CXX_LIBRARY = "libc++";
				CLANG_ENABLE_MODULES = YES;
				CLANG_ENABLE_OBJC_ARC = YES;
				CLANG_WARN_BOOL_CONVERSION = YES;
				CLANG_WARN_CONSTANT_CONVERSION = YES;
				CLANG_WARN_DIRECT_OBJC_ISA_USAGE = YES_ERROR;
				CLANG_WARN_EMPTY_BODY = YES;
				CLANG_WARN_ENUM_CONVERSION = YES;
				CLANG_WARN_INFINITE_RECURSION = YES;
				CLANG_WARN_INT_CONVERSION = YES;
				CLANG_WARN_OBJC_ROOT_CLASS = YES_ERROR;
				CLANG_WARN_SUSPICIOUS_MOVE = YES;
				CLANG_WARN_UNREACHABLE_CODE = YES;
				CLANG_WARN__DUPLICATE_METHOD_MATCH = YES;
				"CODE_SIGN_IDENTITY[sdk=iphoneos*]" = "iPhone Developer";
				COPY_PHASE_STRIP = YES;
				ENABLE_NS_ASSERTIONS = NO;
				ENABLE_STRICT_OBJC_MSGSEND = YES;
				GCC_C_LANGUAGE_STANDARD = gnu99;
				GCC_NO_COMMON_BLOCKS = YES;
				GCC_WARN_64_TO_32_BIT_CONVERSION = YES;
				GCC_WARN_ABOUT_RETURN_TYPE = YES_ERROR;
				GCC_WARN_UNDECLARED_SELECTOR = YES;
				GCC_WARN_UNINITIALIZED_AUTOS = YES_AGGRESSIVE;
				GCC_WARN_UNUSED_FUNCTION = YES;
				GCC_WARN_UNUSED_VARIABLE = YES;
				IPHONEOS_DEPLOYMENT_TARGET = 8.0;
				MACOSX_DEPLOYMENT_TARGET = 10.10;
				SDKROOT = iphoneos;
				SWIFT_OPTIMIZATION_LEVEL = "-Owholemodule";
				TARGETED_DEVICE_FAMILY = "1,2";
				VALIDATE_PRODUCT = YES;
			};
			name = Release;
		};
		EA0B86D51DB4266B0048B0B6 /* Debug */ = {
			isa = XCBuildConfiguration;
			baseConfigurationReference = 8DF17784A5C7FB790721CD56 /* Pods-TraceLog-OSX.debug.xcconfig */;
			buildSettings = {
				ASSETCATALOG_COMPILER_APPICON_NAME = AppIcon;
				CLANG_ANALYZER_NONNULL = YES;
				CLANG_WARN_DOCUMENTATION_COMMENTS = YES;
				CLANG_WARN_SUSPICIOUS_MOVES = YES;
				CODE_SIGN_IDENTITY = "-";
				COMBINE_HIDPI_IMAGES = YES;
				DEBUG_INFORMATION_FORMAT = dwarf;
				INFOPLIST_FILE = "TraceLog-OSX/Info.plist";
				LD_RUNPATH_SEARCH_PATHS = "$(inherited) @executable_path/../Frameworks";
				MACOSX_DEPLOYMENT_TARGET = 10.11;
				MTL_ENABLE_DEBUG_INFO = YES;
				PRODUCT_BUNDLE_IDENTIFIER = "org.cocoapods.demo.TraceLog-OSX";
				PRODUCT_NAME = "$(TARGET_NAME)";
				SDKROOT = macosx;
				SWIFT_ACTIVE_COMPILATION_CONDITIONS = DEBUG;
				SWIFT_OPTIMIZATION_LEVEL = "-Onone";
				SWIFT_VERSION = 3.0;
			};
			name = Debug;
		};
		EA0B86D61DB4266B0048B0B6 /* Release */ = {
			isa = XCBuildConfiguration;
			baseConfigurationReference = C6FC67581D386ED7A654BFBA /* Pods-TraceLog-OSX.release.xcconfig */;
			buildSettings = {
				ASSETCATALOG_COMPILER_APPICON_NAME = AppIcon;
				CLANG_ANALYZER_NONNULL = YES;
				CLANG_WARN_DOCUMENTATION_COMMENTS = YES;
				CLANG_WARN_SUSPICIOUS_MOVES = YES;
				CODE_SIGN_IDENTITY = "-";
				COMBINE_HIDPI_IMAGES = YES;
				COPY_PHASE_STRIP = NO;
				DEBUG_INFORMATION_FORMAT = "dwarf-with-dsym";
				INFOPLIST_FILE = "TraceLog-OSX/Info.plist";
				LD_RUNPATH_SEARCH_PATHS = "$(inherited) @executable_path/../Frameworks";
				MACOSX_DEPLOYMENT_TARGET = 10.11;
				MTL_ENABLE_DEBUG_INFO = NO;
				PRODUCT_BUNDLE_IDENTIFIER = "org.cocoapods.demo.TraceLog-OSX";
				PRODUCT_NAME = "$(TARGET_NAME)";
				SDKROOT = macosx;
				SWIFT_VERSION = 3.0;
			};
			name = Release;
		};
		EA0B86D71DB4266B0048B0B6 /* Debug */ = {
			isa = XCBuildConfiguration;
			baseConfigurationReference = 891473E71DC2552104DE267A /* Pods-TraceLog-OSX-Tests.debug.xcconfig */;
			buildSettings = {
				ALWAYS_EMBED_SWIFT_STANDARD_LIBRARIES = YES;
				BUNDLE_LOADER = "$(TEST_HOST)";
				CLANG_ANALYZER_NONNULL = YES;
				CLANG_WARN_DOCUMENTATION_COMMENTS = YES;
				CLANG_WARN_SUSPICIOUS_MOVES = YES;
				CODE_SIGN_IDENTITY = "-";
				COMBINE_HIDPI_IMAGES = YES;
				DEBUG_INFORMATION_FORMAT = dwarf;
				INFOPLIST_FILE = "TraceLog-OSX-Tests/Info.plist";
				LD_RUNPATH_SEARCH_PATHS = "$(inherited) @executable_path/../Frameworks @loader_path/../Frameworks";
				MACOSX_DEPLOYMENT_TARGET = 10.11;
				MTL_ENABLE_DEBUG_INFO = YES;
				PRODUCT_BUNDLE_IDENTIFIER = "org.cocoapods.demo.TraceLog-OSX-Tests";
				PRODUCT_NAME = "$(TARGET_NAME)";
				SDKROOT = macosx;
				SWIFT_ACTIVE_COMPILATION_CONDITIONS = DEBUG;
				SWIFT_OPTIMIZATION_LEVEL = "-Onone";
				SWIFT_VERSION = 3.0;
				TEST_HOST = "$(BUILT_PRODUCTS_DIR)/TraceLog-OSX.app/Contents/MacOS/TraceLog-OSX";
			};
			name = Debug;
		};
		EA0B86D81DB4266B0048B0B6 /* Release */ = {
			isa = XCBuildConfiguration;
			baseConfigurationReference = F6F6EC735F92A56AF571C04D /* Pods-TraceLog-OSX-Tests.release.xcconfig */;
			buildSettings = {
				ALWAYS_EMBED_SWIFT_STANDARD_LIBRARIES = YES;
				BUNDLE_LOADER = "$(TEST_HOST)";
				CLANG_ANALYZER_NONNULL = YES;
				CLANG_WARN_DOCUMENTATION_COMMENTS = YES;
				CLANG_WARN_SUSPICIOUS_MOVES = YES;
				CODE_SIGN_IDENTITY = "-";
				COMBINE_HIDPI_IMAGES = YES;
				COPY_PHASE_STRIP = NO;
				DEBUG_INFORMATION_FORMAT = "dwarf-with-dsym";
				INFOPLIST_FILE = "TraceLog-OSX-Tests/Info.plist";
				LD_RUNPATH_SEARCH_PATHS = "$(inherited) @executable_path/../Frameworks @loader_path/../Frameworks";
				MACOSX_DEPLOYMENT_TARGET = 10.11;
				MTL_ENABLE_DEBUG_INFO = NO;
				PRODUCT_BUNDLE_IDENTIFIER = "org.cocoapods.demo.TraceLog-OSX-Tests";
				PRODUCT_NAME = "$(TARGET_NAME)";
				SDKROOT = macosx;
				SWIFT_VERSION = 3.0;
				TEST_HOST = "$(BUILT_PRODUCTS_DIR)/TraceLog-OSX.app/Contents/MacOS/TraceLog-OSX";
			};
			name = Release;
		};
		EA51B8661DB3FC2A007551DC /* Debug */ = {
			isa = XCBuildConfiguration;
			baseConfigurationReference = ED1178223449E14D366EF420 /* Pods-TraceLog-iOS.debug.xcconfig */;
			buildSettings = {
				ASSETCATALOG_COMPILER_APPICON_NAME = AppIcon;
				CLANG_ANALYZER_NONNULL = YES;
				CLANG_WARN_DOCUMENTATION_COMMENTS = YES;
				CLANG_WARN_SUSPICIOUS_MOVES = YES;
				DEBUG_INFORMATION_FORMAT = dwarf;
				DEVELOPMENT_TEAM = MR4939Y2DA;
				INFOPLIST_FILE = "TraceLog-iOS/Info.plist";
				IPHONEOS_DEPLOYMENT_TARGET = 8.1;
				LD_RUNPATH_SEARCH_PATHS = "$(inherited) @executable_path/Frameworks";
				MTL_ENABLE_DEBUG_INFO = YES;
				PRODUCT_BUNDLE_IDENTIFIER = "org.cocoapods.demo.TraceLog-iOS";
				PRODUCT_NAME = "$(TARGET_NAME)";
				PROVISIONING_PROFILE = "dfdae7c2-c639-4738-b358-129848618739";
				PROVISIONING_PROFILE_SPECIFIER = "iOS Development Profile";
				SWIFT_ACTIVE_COMPILATION_CONDITIONS = DEBUG;
				SWIFT_OPTIMIZATION_LEVEL = "-Onone";
				SWIFT_VERSION = 3.0;
			};
			name = Debug;
		};
		EA51B8671DB3FC2A007551DC /* Release */ = {
			isa = XCBuildConfiguration;
			baseConfigurationReference = EEAE2A58843DC65665DF8047 /* Pods-TraceLog-iOS.release.xcconfig */;
			buildSettings = {
				ASSETCATALOG_COMPILER_APPICON_NAME = AppIcon;
				CLANG_ANALYZER_NONNULL = YES;
				CLANG_WARN_DOCUMENTATION_COMMENTS = YES;
				CLANG_WARN_SUSPICIOUS_MOVES = YES;
				COPY_PHASE_STRIP = NO;
				DEBUG_INFORMATION_FORMAT = "dwarf-with-dsym";
				DEVELOPMENT_TEAM = "";
				INFOPLIST_FILE = "TraceLog-iOS/Info.plist";
				IPHONEOS_DEPLOYMENT_TARGET = 8.1;
				LD_RUNPATH_SEARCH_PATHS = "$(inherited) @executable_path/Frameworks";
				MTL_ENABLE_DEBUG_INFO = NO;
				PRODUCT_BUNDLE_IDENTIFIER = "org.cocoapods.demo.TraceLog-iOS";
				PRODUCT_NAME = "$(TARGET_NAME)";
				SWIFT_VERSION = 3.0;
			};
			name = Release;
		};
		EA51B8691DB3FC2A007551DC /* Debug */ = {
			isa = XCBuildConfiguration;
			baseConfigurationReference = 07634F9C9D528916420BDD4B /* Pods-TraceLog-iOS-Tests.debug.xcconfig */;
			buildSettings = {
				ALWAYS_EMBED_SWIFT_STANDARD_LIBRARIES = YES;
				BUNDLE_LOADER = "$(TEST_HOST)";
				CLANG_ANALYZER_NONNULL = YES;
				CLANG_WARN_DOCUMENTATION_COMMENTS = YES;
				CLANG_WARN_SUSPICIOUS_MOVES = YES;
				DEBUG_INFORMATION_FORMAT = dwarf;
				DEVELOPMENT_TEAM = "";
				INFOPLIST_FILE = "TraceLog-iOS-Tests/Info.plist";
				IPHONEOS_DEPLOYMENT_TARGET = 10.0;
				LD_RUNPATH_SEARCH_PATHS = "$(inherited) @executable_path/Frameworks @loader_path/Frameworks";
				MTL_ENABLE_DEBUG_INFO = YES;
				PRODUCT_BUNDLE_IDENTIFIER = "org.cocoapods.demo.TraceLog-iOS-Tests";
				PRODUCT_NAME = "$(TARGET_NAME)";
				SWIFT_ACTIVE_COMPILATION_CONDITIONS = DEBUG;
				SWIFT_OPTIMIZATION_LEVEL = "-Onone";
				SWIFT_VERSION = 3.0;
				TEST_HOST = "$(BUILT_PRODUCTS_DIR)/TraceLog-iOS.app/TraceLog-iOS";
			};
			name = Debug;
		};
		EA51B86A1DB3FC2A007551DC /* Release */ = {
			isa = XCBuildConfiguration;
			baseConfigurationReference = 03F60E2D7BA57EDBAEF16B43 /* Pods-TraceLog-iOS-Tests.release.xcconfig */;
			buildSettings = {
				ALWAYS_EMBED_SWIFT_STANDARD_LIBRARIES = YES;
				BUNDLE_LOADER = "$(TEST_HOST)";
				CLANG_ANALYZER_NONNULL = YES;
				CLANG_WARN_DOCUMENTATION_COMMENTS = YES;
				CLANG_WARN_SUSPICIOUS_MOVES = YES;
				COPY_PHASE_STRIP = NO;
				DEBUG_INFORMATION_FORMAT = "dwarf-with-dsym";
				DEVELOPMENT_TEAM = "";
				INFOPLIST_FILE = "TraceLog-iOS-Tests/Info.plist";
				IPHONEOS_DEPLOYMENT_TARGET = 10.0;
				LD_RUNPATH_SEARCH_PATHS = "$(inherited) @executable_path/Frameworks @loader_path/Frameworks";
				MTL_ENABLE_DEBUG_INFO = NO;
				PRODUCT_BUNDLE_IDENTIFIER = "org.cocoapods.demo.TraceLog-iOS-Tests";
				PRODUCT_NAME = "$(TARGET_NAME)";
				SWIFT_VERSION = 3.0;
				TEST_HOST = "$(BUILT_PRODUCTS_DIR)/TraceLog-iOS.app/TraceLog-iOS";
			};
			name = Release;
		};
		EA7E7AF01DA2025000E3B511 /* Debug */ = {
			isa = XCBuildConfiguration;
			buildSettings = {
				PRODUCT_NAME = "$(TARGET_NAME)";
			};
			name = Debug;
		};
		EA7E7AF11DA2025000E3B511 /* Release */ = {
			isa = XCBuildConfiguration;
			buildSettings = {
				PRODUCT_NAME = "$(TARGET_NAME)";
			};
			name = Release;
		};
/* End XCBuildConfiguration section */

/* Begin XCConfigurationList section */
		6003F585195388D10070C39A /* Build configuration list for PBXProject "TraceLog" */ = {
			isa = XCConfigurationList;
			buildConfigurations = (
				6003F5BD195388D20070C39A /* Debug */,
				6003F5BE195388D20070C39A /* Release */,
			);
			defaultConfigurationIsVisible = 0;
			defaultConfigurationName = Release;
		};
		EA0B86D91DB4266B0048B0B6 /* Build configuration list for PBXNativeTarget "TraceLog-OSX" */ = {
			isa = XCConfigurationList;
			buildConfigurations = (
				EA0B86D51DB4266B0048B0B6 /* Debug */,
				EA0B86D61DB4266B0048B0B6 /* Release */,
			);
			defaultConfigurationIsVisible = 0;
			defaultConfigurationName = Release;
		};
		EA0B86DA1DB4266B0048B0B6 /* Build configuration list for PBXNativeTarget "TraceLog-OSX-Tests" */ = {
			isa = XCConfigurationList;
			buildConfigurations = (
				EA0B86D71DB4266B0048B0B6 /* Debug */,
				EA0B86D81DB4266B0048B0B6 /* Release */,
			);
			defaultConfigurationIsVisible = 0;
			defaultConfigurationName = Release;
		};
		EA51B8651DB3FC2A007551DC /* Build configuration list for PBXNativeTarget "TraceLog-iOS" */ = {
			isa = XCConfigurationList;
			buildConfigurations = (
				EA51B8661DB3FC2A007551DC /* Debug */,
				EA51B8671DB3FC2A007551DC /* Release */,
			);
			defaultConfigurationIsVisible = 0;
			defaultConfigurationName = Release;
		};
		EA51B8681DB3FC2A007551DC /* Build configuration list for PBXNativeTarget "TraceLog-iOS-Tests" */ = {
			isa = XCConfigurationList;
			buildConfigurations = (
				EA51B8691DB3FC2A007551DC /* Debug */,
				EA51B86A1DB3FC2A007551DC /* Release */,
			);
			defaultConfigurationIsVisible = 0;
			defaultConfigurationName = Release;
		};
		EA7E7AEF1DA2025000E3B511 /* Build configuration list for PBXAggregateTarget "Process Test Files" */ = {
			isa = XCConfigurationList;
			buildConfigurations = (
				EA7E7AF01DA2025000E3B511 /* Debug */,
				EA7E7AF11DA2025000E3B511 /* Release */,
			);
			defaultConfigurationIsVisible = 0;
			defaultConfigurationName = Release;
		};
/* End XCConfigurationList section */
	};
	rootObject = 6003F582195388D10070C39A /* Project object */;
}
