// !$*UTF8*$!
{
	archiveVersion = 1;
	classes = {
	};
	objectVersion = 46;
	objects = {

/* Begin PBXAggregateTarget section */
		EA7E7AEE1DA2025000E3B511 /* Process Test Files */ = {
			isa = PBXAggregateTarget;
			buildConfigurationList = EA7E7AEF1DA2025000E3B511 /* Build configuration list for PBXAggregateTarget "Process Test Files" */;
			buildPhases = (
				EA7E7AF21DA2025700E3B511 /* ShellScript */,
			);
			dependencies = (
			);
			name = "Process Test Files";
			productName = "Process Test Files";
		};
/* End PBXAggregateTarget section */

/* Begin PBXBuildFile section */
		0959C4CC866844F7FE4A6DCE /* Pods_TraceLog_iOS.framework in Frameworks */ = {isa = PBXBuildFile; fileRef = 27D7F4C2BCD83FA1A87F4FE7 /* Pods_TraceLog_iOS.framework */; };
		0C37617EE86F9DC9D0336B9C /* Pods_TraceLog_OSX.framework in Frameworks */ = {isa = PBXBuildFile; fileRef = D063B377EF428F4934F11DFC /* Pods_TraceLog_OSX.framework */; };
		6003F58E195388D20070C39A /* Foundation.framework in Frameworks */ = {isa = PBXBuildFile; fileRef = 6003F58D195388D20070C39A /* Foundation.framework */; };
		6003F590195388D20070C39A /* CoreGraphics.framework in Frameworks */ = {isa = PBXBuildFile; fileRef = 6003F58F195388D20070C39A /* CoreGraphics.framework */; };
		6003F592195388D20070C39A /* UIKit.framework in Frameworks */ = {isa = PBXBuildFile; fileRef = 6003F591195388D20070C39A /* UIKit.framework */; };
		6003F5B0195388D20070C39A /* XCTest.framework in Frameworks */ = {isa = PBXBuildFile; fileRef = 6003F5AF195388D20070C39A /* XCTest.framework */; };
		6003F5B1195388D20070C39A /* Foundation.framework in Frameworks */ = {isa = PBXBuildFile; fileRef = 6003F58D195388D20070C39A /* Foundation.framework */; };
		6003F5B2195388D20070C39A /* UIKit.framework in Frameworks */ = {isa = PBXBuildFile; fileRef = 6003F591195388D20070C39A /* UIKit.framework */; };
		94F84F2BF5989F50E8E87219 /* Pods_TraceLog_OSX_Tests.framework in Frameworks */ = {isa = PBXBuildFile; fileRef = C0FE882C098E5BF8E836F517 /* Pods_TraceLog_OSX_Tests.framework */; };
		EA1E259D1DA5891100CECAA8 /* EnvironmentTests.swift in Sources */ = {isa = PBXBuildFile; fileRef = EA1E259A1DA5864100CECAA8 /* EnvironmentTests.swift */; };
		EA1E259E1DA5891200CECAA8 /* EnvironmentTests.swift in Sources */ = {isa = PBXBuildFile; fileRef = EA1E259A1DA5864100CECAA8 /* EnvironmentTests.swift */; };
		EA2FC7EE1DA4A00A00902D21 /* TraceLogTests.swift in Sources */ = {isa = PBXBuildFile; fileRef = EA7E7B0A1DA297A400E3B511 /* TraceLogTests.swift */; };
		EA2FC7EF1DA4A01100902D21 /* TraceLogPerformanceTests.swift in Sources */ = {isa = PBXBuildFile; fileRef = EA7E7B081DA297A400E3B511 /* TraceLogPerformanceTests.swift */; };
		EA3037FA1BEA880300DC4084 /* main.m in Sources */ = {isa = PBXBuildFile; fileRef = EA3037F71BEA880300DC4084 /* main.m */; };
		EA3038001BEA882E00DC4084 /* Images.xcassets in Resources */ = {isa = PBXBuildFile; fileRef = EA3037FB1BEA882E00DC4084 /* Images.xcassets */; };
		EA3038011BEA882E00DC4084 /* TLAppDelegate.m in Sources */ = {isa = PBXBuildFile; fileRef = EA3037FD1BEA882E00DC4084 /* TLAppDelegate.m */; };
		EA3038021BEA882E00DC4084 /* TLViewController.m in Sources */ = {isa = PBXBuildFile; fileRef = EA3037FF1BEA882E00DC4084 /* TLViewController.m */; };
		EA3038431BEA8D6800DC4084 /* Main_iPad.storyboard in Resources */ = {isa = PBXBuildFile; fileRef = EA30383F1BEA8D6800DC4084 /* Main_iPad.storyboard */; };
		EA3038441BEA8D6800DC4084 /* Main_iPhone.storyboard in Resources */ = {isa = PBXBuildFile; fileRef = EA3038411BEA8D6800DC4084 /* Main_iPhone.storyboard */; };
		EA3038471BEA8E3400DC4084 /* InfoPlist.strings in Resources */ = {isa = PBXBuildFile; fileRef = EA3038451BEA8E3400DC4084 /* InfoPlist.strings */; };
		EA5C7FB71BEBAA7000B3951D /* AppDelegate.swift in Sources */ = {isa = PBXBuildFile; fileRef = EA5C7FB61BEBAA7000B3951D /* AppDelegate.swift */; };
		EA5C7FB91BEBAA7000B3951D /* Assets.xcassets in Resources */ = {isa = PBXBuildFile; fileRef = EA5C7FB81BEBAA7000B3951D /* Assets.xcassets */; };
		EA5C7FBC1BEBAA7000B3951D /* MainMenu.xib in Resources */ = {isa = PBXBuildFile; fileRef = EA5C7FBA1BEBAA7000B3951D /* MainMenu.xib */; };
		EA68802C1DA5AE0500119145 /* ConfigurationTests.swift in Sources */ = {isa = PBXBuildFile; fileRef = EA68802B1DA5AE0400119145 /* ConfigurationTests.swift */; };
		EA68802D1DA5AE0500119145 /* ConfigurationTests.swift in Sources */ = {isa = PBXBuildFile; fileRef = EA68802B1DA5AE0400119145 /* ConfigurationTests.swift */; };
		EA7E7B0B1DA30E8D00E3B511 /* TraceLogTests.m in Sources */ = {isa = PBXBuildFile; fileRef = EA7E7B051DA297A400E3B511 /* TraceLogTests.m */; };
		EA7E7B0C1DA30E9000E3B511 /* LoggerProxy.swift in Sources */ = {isa = PBXBuildFile; fileRef = EA7E7B021DA297A400E3B511 /* LoggerProxy.swift */; };
		EA7E7B0D1DA30E9C00E3B511 /* TraceLogTests.m in Sources */ = {isa = PBXBuildFile; fileRef = EA7E7B051DA297A400E3B511 /* TraceLogTests.m */; };
		EA7E7B0F1DA30EA500E3B511 /* TraceLogPerformanceTests.m in Sources */ = {isa = PBXBuildFile; fileRef = EA7E7B041DA297A400E3B511 /* TraceLogPerformanceTests.m */; };
		EA7E7B101DA30EAD00E3B511 /* LoggerProxy.swift in Sources */ = {isa = PBXBuildFile; fileRef = EA7E7B021DA297A400E3B511 /* LoggerProxy.swift */; };
		EA7E7B111DA30EB100E3B511 /* TraceLogTests.swift in Sources */ = {isa = PBXBuildFile; fileRef = EA7E7B0A1DA297A400E3B511 /* TraceLogTests.swift */; };
		EA7E7B121DA30EB600E3B511 /* TraceLogPerformanceTests.swift in Sources */ = {isa = PBXBuildFile; fileRef = EA7E7B081DA297A400E3B511 /* TraceLogPerformanceTests.swift */; };
		FE0C5F3D78FB75CC2189C519 /* Pods_TraceLog_iOS_Tests.framework in Frameworks */ = {isa = PBXBuildFile; fileRef = 57AED31A36AFF901BC5A0E63 /* Pods_TraceLog_iOS_Tests.framework */; };
/* End PBXBuildFile section */

/* Begin PBXContainerItemProxy section */
		6003F5B3195388D20070C39A /* PBXContainerItemProxy */ = {
			isa = PBXContainerItemProxy;
			containerPortal = 6003F582195388D10070C39A /* Project object */;
			proxyType = 1;
			remoteGlobalIDString = 6003F589195388D20070C39A;
			remoteInfo = TraceLog;
		};
		EA5C7FC31BEBAA7000B3951D /* PBXContainerItemProxy */ = {
			isa = PBXContainerItemProxy;
			containerPortal = 6003F582195388D10070C39A /* Project object */;
			proxyType = 1;
			remoteGlobalIDString = EA5C7FB31BEBAA7000B3951D;
			remoteInfo = "TraceLog-OSX";
		};
/* End PBXContainerItemProxy section */

/* Begin PBXFileReference section */
		01A5A6E364804B51BADF10AC /* Pods-TraceLog-iOS-Tests.release.xcconfig */ = {isa = PBXFileReference; includeInIndex = 1; lastKnownFileType = text.xcconfig; name = "Pods-TraceLog-iOS-Tests.release.xcconfig"; path = "Pods/Target Support Files/Pods-TraceLog-iOS-Tests/Pods-TraceLog-iOS-Tests.release.xcconfig"; sourceTree = "<group>"; };
		1114AFE75770FDCCAADD266F /* TraceLog.podspec */ = {isa = PBXFileReference; includeInIndex = 1; lastKnownFileType = text; name = TraceLog.podspec; path = ../TraceLog.podspec; sourceTree = "<group>"; };
		27D7F4C2BCD83FA1A87F4FE7 /* Pods_TraceLog_iOS.framework */ = {isa = PBXFileReference; explicitFileType = wrapper.framework; includeInIndex = 0; path = Pods_TraceLog_iOS.framework; sourceTree = BUILT_PRODUCTS_DIR; };
		567BE3CD48B3A5FC7EB7D0B3 /* Pods-TraceLog-iOS.release.xcconfig */ = {isa = PBXFileReference; includeInIndex = 1; lastKnownFileType = text.xcconfig; name = "Pods-TraceLog-iOS.release.xcconfig"; path = "Pods/Target Support Files/Pods-TraceLog-iOS/Pods-TraceLog-iOS.release.xcconfig"; sourceTree = "<group>"; };
		57AED31A36AFF901BC5A0E63 /* Pods_TraceLog_iOS_Tests.framework */ = {isa = PBXFileReference; explicitFileType = wrapper.framework; includeInIndex = 0; path = Pods_TraceLog_iOS_Tests.framework; sourceTree = BUILT_PRODUCTS_DIR; };
		6003F58A195388D20070C39A /* TraceLog-iOS.app */ = {isa = PBXFileReference; explicitFileType = wrapper.application; includeInIndex = 0; path = "TraceLog-iOS.app"; sourceTree = BUILT_PRODUCTS_DIR; };
		6003F58D195388D20070C39A /* Foundation.framework */ = {isa = PBXFileReference; lastKnownFileType = wrapper.framework; name = Foundation.framework; path = System/Library/Frameworks/Foundation.framework; sourceTree = SDKROOT; };
		6003F58F195388D20070C39A /* CoreGraphics.framework */ = {isa = PBXFileReference; lastKnownFileType = wrapper.framework; name = CoreGraphics.framework; path = System/Library/Frameworks/CoreGraphics.framework; sourceTree = SDKROOT; };
		6003F591195388D20070C39A /* UIKit.framework */ = {isa = PBXFileReference; lastKnownFileType = wrapper.framework; name = UIKit.framework; path = System/Library/Frameworks/UIKit.framework; sourceTree = SDKROOT; };
		6003F5AE195388D20070C39A /* TraceLog-iOS-Tests.xctest */ = {isa = PBXFileReference; explicitFileType = wrapper.cfbundle; includeInIndex = 0; path = "TraceLog-iOS-Tests.xctest"; sourceTree = BUILT_PRODUCTS_DIR; };
		6003F5AF195388D20070C39A /* XCTest.framework */ = {isa = PBXFileReference; lastKnownFileType = wrapper.framework; name = XCTest.framework; path = Library/Frameworks/XCTest.framework; sourceTree = DEVELOPER_DIR; };
		740C8B86BD0F07F638272F4F /* Pods-TraceLog-iOS.debug.xcconfig */ = {isa = PBXFileReference; includeInIndex = 1; lastKnownFileType = text.xcconfig; name = "Pods-TraceLog-iOS.debug.xcconfig"; path = "Pods/Target Support Files/Pods-TraceLog-iOS/Pods-TraceLog-iOS.debug.xcconfig"; sourceTree = "<group>"; };
		80A4C846D301093D2C7B815A /* README.md */ = {isa = PBXFileReference; includeInIndex = 1; lastKnownFileType = net.daringfireball.markdown; name = README.md; path = ../README.md; sourceTree = "<group>"; };
		891473E71DC2552104DE267A /* Pods-TraceLog-OSX-Tests.debug.xcconfig */ = {isa = PBXFileReference; includeInIndex = 1; lastKnownFileType = text.xcconfig; name = "Pods-TraceLog-OSX-Tests.debug.xcconfig"; path = "Pods/Target Support Files/Pods-TraceLog-OSX-Tests/Pods-TraceLog-OSX-Tests.debug.xcconfig"; sourceTree = "<group>"; };
		8DF17784A5C7FB790721CD56 /* Pods-TraceLog-OSX.debug.xcconfig */ = {isa = PBXFileReference; includeInIndex = 1; lastKnownFileType = text.xcconfig; name = "Pods-TraceLog-OSX.debug.xcconfig"; path = "Pods/Target Support Files/Pods-TraceLog-OSX/Pods-TraceLog-OSX.debug.xcconfig"; sourceTree = "<group>"; };
		C0FE882C098E5BF8E836F517 /* Pods_TraceLog_OSX_Tests.framework */ = {isa = PBXFileReference; explicitFileType = wrapper.framework; includeInIndex = 0; path = Pods_TraceLog_OSX_Tests.framework; sourceTree = BUILT_PRODUCTS_DIR; };
		C6FC67581D386ED7A654BFBA /* Pods-TraceLog-OSX.release.xcconfig */ = {isa = PBXFileReference; includeInIndex = 1; lastKnownFileType = text.xcconfig; name = "Pods-TraceLog-OSX.release.xcconfig"; path = "Pods/Target Support Files/Pods-TraceLog-OSX/Pods-TraceLog-OSX.release.xcconfig"; sourceTree = "<group>"; };
		D063B377EF428F4934F11DFC /* Pods_TraceLog_OSX.framework */ = {isa = PBXFileReference; explicitFileType = wrapper.framework; includeInIndex = 0; path = Pods_TraceLog_OSX.framework; sourceTree = BUILT_PRODUCTS_DIR; };
		DAD59558981C388F77499E21 /* Pods-TraceLog-iOS-Tests.debug.xcconfig */ = {isa = PBXFileReference; includeInIndex = 1; lastKnownFileType = text.xcconfig; name = "Pods-TraceLog-iOS-Tests.debug.xcconfig"; path = "Pods/Target Support Files/Pods-TraceLog-iOS-Tests/Pods-TraceLog-iOS-Tests.debug.xcconfig"; sourceTree = "<group>"; };
		EA1E259A1DA5864100CECAA8 /* EnvironmentTests.swift */ = {isa = PBXFileReference; fileEncoding = 4; lastKnownFileType = sourcecode.swift; path = EnvironmentTests.swift; sourceTree = "<group>"; };
		EA2FC7ED1DA4538A00902D21 /* codecov.yml */ = {isa = PBXFileReference; lastKnownFileType = text; name = codecov.yml; path = ../codecov.yml; sourceTree = "<group>"; };
		EA3037F61BEA880300DC4084 /* Info.plist */ = {isa = PBXFileReference; fileEncoding = 4; lastKnownFileType = text.plist.xml; name = Info.plist; path = "TraceLog-iOS/Info.plist"; sourceTree = SOURCE_ROOT; };
		EA3037F71BEA880300DC4084 /* main.m */ = {isa = PBXFileReference; fileEncoding = 4; lastKnownFileType = sourcecode.c.objc; name = main.m; path = "TraceLog-iOS/main.m"; sourceTree = SOURCE_ROOT; };
		EA3037F81BEA880300DC4084 /* TraceLog-Prefix.pch */ = {isa = PBXFileReference; fileEncoding = 4; lastKnownFileType = sourcecode.c.h; name = "TraceLog-Prefix.pch"; path = "TraceLog-iOS/TraceLog-Prefix.pch"; sourceTree = SOURCE_ROOT; };
		EA3037FB1BEA882E00DC4084 /* Images.xcassets */ = {isa = PBXFileReference; lastKnownFileType = folder.assetcatalog; name = Images.xcassets; path = "TraceLog-iOS/Images.xcassets"; sourceTree = SOURCE_ROOT; };
		EA3037FC1BEA882E00DC4084 /* TLAppDelegate.h */ = {isa = PBXFileReference; fileEncoding = 4; lastKnownFileType = sourcecode.c.h; name = TLAppDelegate.h; path = "TraceLog-iOS/TLAppDelegate.h"; sourceTree = SOURCE_ROOT; };
		EA3037FD1BEA882E00DC4084 /* TLAppDelegate.m */ = {isa = PBXFileReference; fileEncoding = 4; lastKnownFileType = sourcecode.c.objc; name = TLAppDelegate.m; path = "TraceLog-iOS/TLAppDelegate.m"; sourceTree = SOURCE_ROOT; };
		EA3037FE1BEA882E00DC4084 /* TLViewController.h */ = {isa = PBXFileReference; fileEncoding = 4; lastKnownFileType = sourcecode.c.h; name = TLViewController.h; path = "TraceLog-iOS/TLViewController.h"; sourceTree = SOURCE_ROOT; };
		EA3037FF1BEA882E00DC4084 /* TLViewController.m */ = {isa = PBXFileReference; fileEncoding = 4; lastKnownFileType = sourcecode.c.objc; name = TLViewController.m; path = "TraceLog-iOS/TLViewController.m"; sourceTree = SOURCE_ROOT; };
		EA30380B1BEA889200DC4084 /* Tests-Info.plist */ = {isa = PBXFileReference; fileEncoding = 4; lastKnownFileType = text.plist.xml; name = "Tests-Info.plist"; path = "TraceLog-iOS-Tests/Tests-Info.plist"; sourceTree = SOURCE_ROOT; };
		EA30380C1BEA889200DC4084 /* Tests-Prefix.pch */ = {isa = PBXFileReference; fileEncoding = 4; lastKnownFileType = sourcecode.c.h; name = "Tests-Prefix.pch"; path = "TraceLog-iOS-Tests/Tests-Prefix.pch"; sourceTree = SOURCE_ROOT; };
		EA30383D1BEA8C1A00DC4084 /* en */ = {isa = PBXFileReference; lastKnownFileType = text.plist.strings; name = en; path = "TraceLog-iOS-Tests/en.lproj/InfoPlist.strings"; sourceTree = SOURCE_ROOT; };
		EA3038401BEA8D6800DC4084 /* Base */ = {isa = PBXFileReference; lastKnownFileType = file.storyboard; name = Base; path = "TraceLog-iOS/Base.lproj/Main_iPad.storyboard"; sourceTree = SOURCE_ROOT; };
		EA3038421BEA8D6800DC4084 /* Base */ = {isa = PBXFileReference; lastKnownFileType = file.storyboard; name = Base; path = "TraceLog-iOS/Base.lproj/Main_iPhone.storyboard"; sourceTree = SOURCE_ROOT; };
		EA3038461BEA8E3400DC4084 /* en */ = {isa = PBXFileReference; lastKnownFileType = text.plist.strings; name = en; path = "TraceLog-iOS/en.lproj/InfoPlist.strings"; sourceTree = SOURCE_ROOT; };
		EA5C7FB41BEBAA7000B3951D /* TraceLog-OSX.app */ = {isa = PBXFileReference; explicitFileType = wrapper.application; includeInIndex = 0; path = "TraceLog-OSX.app"; sourceTree = BUILT_PRODUCTS_DIR; };
		EA5C7FB61BEBAA7000B3951D /* AppDelegate.swift */ = {isa = PBXFileReference; lastKnownFileType = sourcecode.swift; path = AppDelegate.swift; sourceTree = "<group>"; };
		EA5C7FB81BEBAA7000B3951D /* Assets.xcassets */ = {isa = PBXFileReference; lastKnownFileType = folder.assetcatalog; path = Assets.xcassets; sourceTree = "<group>"; };
		EA5C7FBB1BEBAA7000B3951D /* Base */ = {isa = PBXFileReference; lastKnownFileType = file.xib; name = Base; path = Base.lproj/MainMenu.xib; sourceTree = "<group>"; };
		EA5C7FBD1BEBAA7000B3951D /* Info.plist */ = {isa = PBXFileReference; lastKnownFileType = text.plist.xml; path = Info.plist; sourceTree = "<group>"; };
		EA5C7FC21BEBAA7000B3951D /* TraceLog-OSX-Tests.xctest */ = {isa = PBXFileReference; explicitFileType = wrapper.cfbundle; includeInIndex = 0; path = "TraceLog-OSX-Tests.xctest"; sourceTree = BUILT_PRODUCTS_DIR; };
		EA5C7FD01BEBAB3E00B3951D /* Info.plist */ = {isa = PBXFileReference; fileEncoding = 4; lastKnownFileType = text.plist.xml; name = Info.plist; path = "TraceLog-OSX-Tests/Info.plist"; sourceTree = SOURCE_ROOT; };
		EA5C7FD31BEBCD8E00B3951D /* .travis.yml */ = {isa = PBXFileReference; lastKnownFileType = text; name = .travis.yml; path = ../.travis.yml; sourceTree = "<group>"; };
		EA68802B1DA5AE0400119145 /* ConfigurationTests.swift */ = {isa = PBXFileReference; fileEncoding = 4; lastKnownFileType = sourcecode.swift; path = ConfigurationTests.swift; sourceTree = "<group>"; };
		EA7E7AB41DA0C8B800E3B511 /* Vagrantfile */ = {isa = PBXFileReference; explicitFileType = text.script.ruby; name = Vagrantfile; path = ../Vagrantfile; sourceTree = "<group>"; xcLanguageSpecificationIdentifier = xcode.lang.ruby; };
		EA7E7AB51DA0CB8100E3B511 /* Package.swift */ = {isa = PBXFileReference; lastKnownFileType = sourcecode.swift; name = Package.swift; path = ../Package.swift; sourceTree = "<group>"; };
		EA7E7AF71DA206D800E3B511 /* process_test_files.rb */ = {isa = PBXFileReference; fileEncoding = 4; lastKnownFileType = text.script.ruby; path = process_test_files.rb; sourceTree = "<group>"; };
		EA7E7B001DA297A400E3B511 /* LinuxMain.swift */ = {isa = PBXFileReference; lastKnownFileType = sourcecode.swift; path = LinuxMain.swift; sourceTree = "<group>"; };
		EA7E7B021DA297A400E3B511 /* LoggerProxy.swift */ = {isa = PBXFileReference; lastKnownFileType = sourcecode.swift; path = LoggerProxy.swift; sourceTree = "<group>"; };
		EA7E7B041DA297A400E3B511 /* TraceLogPerformanceTests.m */ = {isa = PBXFileReference; lastKnownFileType = sourcecode.c.objc; path = TraceLogPerformanceTests.m; sourceTree = "<group>"; };
		EA7E7B051DA297A400E3B511 /* TraceLogTests.m */ = {isa = PBXFileReference; lastKnownFileType = sourcecode.c.objc; path = TraceLogTests.m; sourceTree = "<group>"; };
		EA7E7B071DA297A400E3B511 /* TraceLogPerformanceTests+XCTest.swift */ = {isa = PBXFileReference; lastKnownFileType = sourcecode.swift; path = "TraceLogPerformanceTests+XCTest.swift"; sourceTree = "<group>"; };
		EA7E7B081DA297A400E3B511 /* TraceLogPerformanceTests.swift */ = {isa = PBXFileReference; lastKnownFileType = sourcecode.swift; path = TraceLogPerformanceTests.swift; sourceTree = "<group>"; };
		EA7E7B091DA297A400E3B511 /* TraceLogTests+XCTest.swift */ = {isa = PBXFileReference; lastKnownFileType = sourcecode.swift; path = "TraceLogTests+XCTest.swift"; sourceTree = "<group>"; };
		EA7E7B0A1DA297A400E3B511 /* TraceLogTests.swift */ = {isa = PBXFileReference; lastKnownFileType = sourcecode.swift; path = TraceLogTests.swift; sourceTree = "<group>"; };
		EAB6DE011DA01D1E00ACEEF3 /* TraceLog.playground */ = {isa = PBXFileReference; lastKnownFileType = file.playground; path = TraceLog.playground; sourceTree = "<group>"; };
		EAE2A6D71DA314BE0042AF83 /* Tests-Bridging-Header.h */ = {isa = PBXFileReference; lastKnownFileType = sourcecode.c.h; path = "Tests-Bridging-Header.h"; sourceTree = "<group>"; };
		F6F6EC735F92A56AF571C04D /* Pods-TraceLog-OSX-Tests.release.xcconfig */ = {isa = PBXFileReference; includeInIndex = 1; lastKnownFileType = text.xcconfig; name = "Pods-TraceLog-OSX-Tests.release.xcconfig"; path = "Pods/Target Support Files/Pods-TraceLog-OSX-Tests/Pods-TraceLog-OSX-Tests.release.xcconfig"; sourceTree = "<group>"; };
		F87B3B34F4B8B59C25C88136 /* LICENSE */ = {isa = PBXFileReference; includeInIndex = 1; lastKnownFileType = text; name = LICENSE; path = ../LICENSE; sourceTree = "<group>"; };
/* End PBXFileReference section */

/* Begin PBXFrameworksBuildPhase section */
		6003F587195388D20070C39A /* Frameworks */ = {
			isa = PBXFrameworksBuildPhase;
			buildActionMask = 2147483647;
			files = (
				6003F590195388D20070C39A /* CoreGraphics.framework in Frameworks */,
				6003F592195388D20070C39A /* UIKit.framework in Frameworks */,
				6003F58E195388D20070C39A /* Foundation.framework in Frameworks */,
				0959C4CC866844F7FE4A6DCE /* Pods_TraceLog_iOS.framework in Frameworks */,
			);
			runOnlyForDeploymentPostprocessing = 0;
		};
		6003F5AB195388D20070C39A /* Frameworks */ = {
			isa = PBXFrameworksBuildPhase;
			buildActionMask = 2147483647;
			files = (
				6003F5B0195388D20070C39A /* XCTest.framework in Frameworks */,
				6003F5B2195388D20070C39A /* UIKit.framework in Frameworks */,
				6003F5B1195388D20070C39A /* Foundation.framework in Frameworks */,
				FE0C5F3D78FB75CC2189C519 /* Pods_TraceLog_iOS_Tests.framework in Frameworks */,
			);
			runOnlyForDeploymentPostprocessing = 0;
		};
		EA5C7FB11BEBAA7000B3951D /* Frameworks */ = {
			isa = PBXFrameworksBuildPhase;
			buildActionMask = 2147483647;
			files = (
				0C37617EE86F9DC9D0336B9C /* Pods_TraceLog_OSX.framework in Frameworks */,
			);
			runOnlyForDeploymentPostprocessing = 0;
		};
		EA5C7FBF1BEBAA7000B3951D /* Frameworks */ = {
			isa = PBXFrameworksBuildPhase;
			buildActionMask = 2147483647;
			files = (
				94F84F2BF5989F50E8E87219 /* Pods_TraceLog_OSX_Tests.framework in Frameworks */,
			);
			runOnlyForDeploymentPostprocessing = 0;
		};
/* End PBXFrameworksBuildPhase section */

/* Begin PBXGroup section */
		053161EC629F5937483997A8 /* Pods */ = {
			isa = PBXGroup;
			children = (
				8DF17784A5C7FB790721CD56 /* Pods-TraceLog-OSX.debug.xcconfig */,
				C6FC67581D386ED7A654BFBA /* Pods-TraceLog-OSX.release.xcconfig */,
				891473E71DC2552104DE267A /* Pods-TraceLog-OSX-Tests.debug.xcconfig */,
				F6F6EC735F92A56AF571C04D /* Pods-TraceLog-OSX-Tests.release.xcconfig */,
				740C8B86BD0F07F638272F4F /* Pods-TraceLog-iOS.debug.xcconfig */,
				567BE3CD48B3A5FC7EB7D0B3 /* Pods-TraceLog-iOS.release.xcconfig */,
				DAD59558981C388F77499E21 /* Pods-TraceLog-iOS-Tests.debug.xcconfig */,
				01A5A6E364804B51BADF10AC /* Pods-TraceLog-iOS-Tests.release.xcconfig */,
			);
			name = Pods;
			sourceTree = "<group>";
		};
		6003F581195388D10070C39A = {
			isa = PBXGroup;
			children = (
				60FF7A9C1954A5C5007DD14C /* Podspec Metadata */,
				EAB6DE001DA01CFE00ACEEF3 /* Playground */,
				6003F593195388D20070C39A /* TraceLog-iOS */,
				6003F5B5195388D20070C39A /* TraceLog-iOS-Tests */,
				EA5C7FB51BEBAA7000B3951D /* TraceLog-OSX */,
				EA5C7FC51BEBAA7000B3951D /* TraceLog-OSX-Tests */,
				EA30384C1BEA94DC00DC4084 /* Tests */,
				6003F58C195388D20070C39A /* Frameworks */,
				6003F58B195388D20070C39A /* Products */,
				053161EC629F5937483997A8 /* Pods */,
				EA7E7AE11DA1EF9400E3B511 /* Scripts */,
			);
			sourceTree = "<group>";
		};
		6003F58B195388D20070C39A /* Products */ = {
			isa = PBXGroup;
			children = (
				6003F58A195388D20070C39A /* TraceLog-iOS.app */,
				6003F5AE195388D20070C39A /* TraceLog-iOS-Tests.xctest */,
				EA5C7FB41BEBAA7000B3951D /* TraceLog-OSX.app */,
				EA5C7FC21BEBAA7000B3951D /* TraceLog-OSX-Tests.xctest */,
			);
			name = Products;
			sourceTree = "<group>";
		};
		6003F58C195388D20070C39A /* Frameworks */ = {
			isa = PBXGroup;
			children = (
				6003F58D195388D20070C39A /* Foundation.framework */,
				6003F58F195388D20070C39A /* CoreGraphics.framework */,
				6003F591195388D20070C39A /* UIKit.framework */,
				6003F5AF195388D20070C39A /* XCTest.framework */,
				D063B377EF428F4934F11DFC /* Pods_TraceLog_OSX.framework */,
				C0FE882C098E5BF8E836F517 /* Pods_TraceLog_OSX_Tests.framework */,
				27D7F4C2BCD83FA1A87F4FE7 /* Pods_TraceLog_iOS.framework */,
				57AED31A36AFF901BC5A0E63 /* Pods_TraceLog_iOS_Tests.framework */,
			);
			name = Frameworks;
			sourceTree = "<group>";
		};
		6003F593195388D20070C39A /* TraceLog-iOS */ = {
			isa = PBXGroup;
			children = (
				EA3037FB1BEA882E00DC4084 /* Images.xcassets */,
				EA3037FC1BEA882E00DC4084 /* TLAppDelegate.h */,
				EA3037FD1BEA882E00DC4084 /* TLAppDelegate.m */,
				EA3037FE1BEA882E00DC4084 /* TLViewController.h */,
				EA3037FF1BEA882E00DC4084 /* TLViewController.m */,
				6003F594195388D20070C39A /* Supporting Files */,
			);
			path = "TraceLog-iOS";
			sourceTree = "<group>";
		};
		6003F594195388D20070C39A /* Supporting Files */ = {
			isa = PBXGroup;
			children = (
				EA3038451BEA8E3400DC4084 /* InfoPlist.strings */,
				EA30383F1BEA8D6800DC4084 /* Main_iPad.storyboard */,
				EA3038411BEA8D6800DC4084 /* Main_iPhone.storyboard */,
				EA3037F61BEA880300DC4084 /* Info.plist */,
				EA3037F71BEA880300DC4084 /* main.m */,
				EA3037F81BEA880300DC4084 /* TraceLog-Prefix.pch */,
			);
			name = "Supporting Files";
			sourceTree = "<group>";
		};
		6003F5B5195388D20070C39A /* TraceLog-iOS-Tests */ = {
			isa = PBXGroup;
			children = (
				6003F5B6195388D20070C39A /* Supporting Files */,
			);
			name = "TraceLog-iOS-Tests";
			path = Tests;
			sourceTree = "<group>";
		};
		6003F5B6195388D20070C39A /* Supporting Files */ = {
			isa = PBXGroup;
			children = (
				EA30383C1BEA8C1A00DC4084 /* InfoPlist.strings */,
				EA30380B1BEA889200DC4084 /* Tests-Info.plist */,
				EA30380C1BEA889200DC4084 /* Tests-Prefix.pch */,
			);
			name = "Supporting Files";
			sourceTree = "<group>";
		};
		60FF7A9C1954A5C5007DD14C /* Podspec Metadata */ = {
			isa = PBXGroup;
			children = (
				1114AFE75770FDCCAADD266F /* TraceLog.podspec */,
				80A4C846D301093D2C7B815A /* README.md */,
				F87B3B34F4B8B59C25C88136 /* LICENSE */,
				EA5C7FD31BEBCD8E00B3951D /* .travis.yml */,
				EA2FC7ED1DA4538A00902D21 /* codecov.yml */,
				EA7E7AB51DA0CB8100E3B511 /* Package.swift */,
				EA7E7AB41DA0C8B800E3B511 /* Vagrantfile */,
			);
			name = "Podspec Metadata";
			sourceTree = "<group>";
		};
		EA30384C1BEA94DC00DC4084 /* Tests */ = {
			isa = PBXGroup;
			children = (
				EA7E7B001DA297A400E3B511 /* LinuxMain.swift */,
				EAE2A6D71DA314BE0042AF83 /* Tests-Bridging-Header.h */,
				EA7E7B011DA297A400E3B511 /* TraceLogObjCTests */,
				EA7E7B061DA297A400E3B511 /* TraceLogTests */,
			);
			name = Tests;
			path = ../Tests;
			sourceTree = SOURCE_ROOT;
		};
		EA5C7FB51BEBAA7000B3951D /* TraceLog-OSX */ = {
			isa = PBXGroup;
			children = (
				EA5C7FB61BEBAA7000B3951D /* AppDelegate.swift */,
				EA5C7FB81BEBAA7000B3951D /* Assets.xcassets */,
				EA5C7FBA1BEBAA7000B3951D /* MainMenu.xib */,
				EA5C7FBD1BEBAA7000B3951D /* Info.plist */,
			);
			path = "TraceLog-OSX";
			sourceTree = "<group>";
		};
		EA5C7FC51BEBAA7000B3951D /* TraceLog-OSX-Tests */ = {
			isa = PBXGroup;
			children = (
				EA5C7FCF1BEBAB3200B3951D /* Supporting Files */,
			);
			path = "TraceLog-OSX-Tests";
			sourceTree = "<group>";
		};
		EA5C7FCF1BEBAB3200B3951D /* Supporting Files */ = {
			isa = PBXGroup;
			children = (
				EA5C7FD01BEBAB3E00B3951D /* Info.plist */,
			);
			name = "Supporting Files";
			sourceTree = "<group>";
		};
		EA7E7AE11DA1EF9400E3B511 /* Scripts */ = {
			isa = PBXGroup;
			children = (
				EA7E7AF71DA206D800E3B511 /* process_test_files.rb */,
			);
			name = Scripts;
			path = ../Scripts;
			sourceTree = SOURCE_ROOT;
		};
		EA7E7B011DA297A400E3B511 /* TraceLogObjCTests */ = {
			isa = PBXGroup;
			children = (
				EA7E7B051DA297A400E3B511 /* TraceLogTests.m */,
				EA7E7B041DA297A400E3B511 /* TraceLogPerformanceTests.m */,
				EA7E7B021DA297A400E3B511 /* LoggerProxy.swift */,
			);
			path = TraceLogObjCTests;
			sourceTree = "<group>";
		};
		EA7E7B061DA297A400E3B511 /* TraceLogTests */ = {
			isa = PBXGroup;
			children = (
				EA7E7B0A1DA297A400E3B511 /* TraceLogTests.swift */,
				EA7E7B091DA297A400E3B511 /* TraceLogTests+XCTest.swift */,
				EA7E7B081DA297A400E3B511 /* TraceLogPerformanceTests.swift */,
				EA7E7B071DA297A400E3B511 /* TraceLogPerformanceTests+XCTest.swift */,
				EA68802B1DA5AE0400119145 /* ConfigurationTests.swift */,
				EA1E259A1DA5864100CECAA8 /* EnvironmentTests.swift */,
			);
			path = TraceLogTests;
			sourceTree = "<group>";
		};
		EAB6DE001DA01CFE00ACEEF3 /* Playground */ = {
			isa = PBXGroup;
			children = (
				EAB6DE011DA01D1E00ACEEF3 /* TraceLog.playground */,
			);
			name = Playground;
			sourceTree = "<group>";
		};
/* End PBXGroup section */

/* Begin PBXNativeTarget section */
		6003F589195388D20070C39A /* TraceLog-iOS */ = {
			isa = PBXNativeTarget;
			buildConfigurationList = 6003F5BF195388D20070C39A /* Build configuration list for PBXNativeTarget "TraceLog-iOS" */;
			buildPhases = (
				86EE762D5131FCCA085AA61F /* [CP] Check Pods Manifest.lock */,
				6003F586195388D20070C39A /* Sources */,
				6003F587195388D20070C39A /* Frameworks */,
				6003F588195388D20070C39A /* Resources */,
				387525326E3BD009F4BA567A /* [CP] Embed Pods Frameworks */,
				DEF7D63EDBFFC0614D1F32B4 /* [CP] Copy Pods Resources */,
			);
			buildRules = (
			);
			dependencies = (
			);
			name = "TraceLog-iOS";
			productName = TraceLog;
			productReference = 6003F58A195388D20070C39A /* TraceLog-iOS.app */;
			productType = "com.apple.product-type.application";
		};
		6003F5AD195388D20070C39A /* TraceLog-iOS-Tests */ = {
			isa = PBXNativeTarget;
			buildConfigurationList = 6003F5C2195388D20070C39A /* Build configuration list for PBXNativeTarget "TraceLog-iOS-Tests" */;
			buildPhases = (
				9D6FB2FE9C923DD20F173BCE /* [CP] Check Pods Manifest.lock */,
				6003F5AA195388D20070C39A /* Sources */,
				6003F5AB195388D20070C39A /* Frameworks */,
				6003F5AC195388D20070C39A /* Resources */,
				BC27599EC3391196F1E50A92 /* [CP] Embed Pods Frameworks */,
				032B2531CBD1B3FEDB32FF8E /* [CP] Copy Pods Resources */,
			);
			buildRules = (
			);
			dependencies = (
				6003F5B4195388D20070C39A /* PBXTargetDependency */,
			);
			name = "TraceLog-iOS-Tests";
			productName = TraceLogTests;
			productReference = 6003F5AE195388D20070C39A /* TraceLog-iOS-Tests.xctest */;
			productType = "com.apple.product-type.bundle.unit-test";
		};
		EA5C7FB31BEBAA7000B3951D /* TraceLog-OSX */ = {
			isa = PBXNativeTarget;
			buildConfigurationList = EA5C7FC91BEBAA7000B3951D /* Build configuration list for PBXNativeTarget "TraceLog-OSX" */;
			buildPhases = (
				62820522B5D5AADD29CCCA4A /* [CP] Check Pods Manifest.lock */,
				EA5C7FB01BEBAA7000B3951D /* Sources */,
				EA5C7FB11BEBAA7000B3951D /* Frameworks */,
				EA5C7FB21BEBAA7000B3951D /* Resources */,
				884B343373A637077AC6094E /* [CP] Embed Pods Frameworks */,
				76760C8277893314BF36A285 /* [CP] Copy Pods Resources */,
			);
			buildRules = (
			);
			dependencies = (
			);
			name = "TraceLog-OSX";
			productName = "TraceLog-OSX";
			productReference = EA5C7FB41BEBAA7000B3951D /* TraceLog-OSX.app */;
			productType = "com.apple.product-type.application";
		};
		EA5C7FC11BEBAA7000B3951D /* TraceLog-OSX-Tests */ = {
			isa = PBXNativeTarget;
			buildConfigurationList = EA5C7FCC1BEBAA7000B3951D /* Build configuration list for PBXNativeTarget "TraceLog-OSX-Tests" */;
			buildPhases = (
				D0B5A541E1892BAD6E1B8C83 /* [CP] Check Pods Manifest.lock */,
				EA5C7FBE1BEBAA7000B3951D /* Sources */,
				EA5C7FBF1BEBAA7000B3951D /* Frameworks */,
				EA5C7FC01BEBAA7000B3951D /* Resources */,
				695C53796AEDDA09896A8CB1 /* [CP] Embed Pods Frameworks */,
				0C48A437DB7F7F0D57BDE53C /* [CP] Copy Pods Resources */,
			);
			buildRules = (
			);
			dependencies = (
				EA5C7FC41BEBAA7000B3951D /* PBXTargetDependency */,
			);
			name = "TraceLog-OSX-Tests";
			productName = "TraceLog-OSXTests";
			productReference = EA5C7FC21BEBAA7000B3951D /* TraceLog-OSX-Tests.xctest */;
			productType = "com.apple.product-type.bundle.unit-test";
		};
/* End PBXNativeTarget section */

/* Begin PBXProject section */
		6003F582195388D10070C39A /* Project object */ = {
			isa = PBXProject;
			attributes = {
				CLASSPREFIX = TL;
				LastSwiftUpdateCheck = 0710;
				LastUpgradeCheck = 0800;
				ORGANIZATIONNAME = "Tony Stone";
				TargetAttributes = {
					6003F589195388D20070C39A = {
						LastSwiftMigration = 0800;
					};
					6003F5AD195388D20070C39A = {
						LastSwiftMigration = 0800;
						TestTargetID = 6003F589195388D20070C39A;
					};
					EA5C7FB31BEBAA7000B3951D = {
						CreatedOnToolsVersion = 7.1;
						LastSwiftMigration = 0800;
					};
					EA5C7FC11BEBAA7000B3951D = {
						CreatedOnToolsVersion = 7.1;
						LastSwiftMigration = 0800;
						TestTargetID = EA5C7FB31BEBAA7000B3951D;
					};
					EA7E7AEE1DA2025000E3B511 = {
						CreatedOnToolsVersion = 8.0;
						ProvisioningStyle = Automatic;
					};
				};
			};
			buildConfigurationList = 6003F585195388D10070C39A /* Build configuration list for PBXProject "TraceLog" */;
			compatibilityVersion = "Xcode 3.2";
			developmentRegion = English;
			hasScannedForEncodings = 0;
			knownRegions = (
				en,
				Base,
			);
			mainGroup = 6003F581195388D10070C39A;
			productRefGroup = 6003F58B195388D20070C39A /* Products */;
			projectDirPath = "";
			projectRoot = "";
			targets = (
				6003F589195388D20070C39A /* TraceLog-iOS */,
				6003F5AD195388D20070C39A /* TraceLog-iOS-Tests */,
				EA5C7FB31BEBAA7000B3951D /* TraceLog-OSX */,
				EA5C7FC11BEBAA7000B3951D /* TraceLog-OSX-Tests */,
				EA7E7AEE1DA2025000E3B511 /* Process Test Files */,
			);
		};
/* End PBXProject section */

/* Begin PBXResourcesBuildPhase section */
		6003F588195388D20070C39A /* Resources */ = {
			isa = PBXResourcesBuildPhase;
			buildActionMask = 2147483647;
			files = (
				EA3038471BEA8E3400DC4084 /* InfoPlist.strings in Resources */,
				EA3038001BEA882E00DC4084 /* Images.xcassets in Resources */,
				EA3038431BEA8D6800DC4084 /* Main_iPad.storyboard in Resources */,
				EA3038441BEA8D6800DC4084 /* Main_iPhone.storyboard in Resources */,
			);
			runOnlyForDeploymentPostprocessing = 0;
		};
		6003F5AC195388D20070C39A /* Resources */ = {
			isa = PBXResourcesBuildPhase;
			buildActionMask = 2147483647;
			files = (
			);
			runOnlyForDeploymentPostprocessing = 0;
		};
		EA5C7FB21BEBAA7000B3951D /* Resources */ = {
			isa = PBXResourcesBuildPhase;
			buildActionMask = 2147483647;
			files = (
				EA5C7FB91BEBAA7000B3951D /* Assets.xcassets in Resources */,
				EA5C7FBC1BEBAA7000B3951D /* MainMenu.xib in Resources */,
			);
			runOnlyForDeploymentPostprocessing = 0;
		};
		EA5C7FC01BEBAA7000B3951D /* Resources */ = {
			isa = PBXResourcesBuildPhase;
			buildActionMask = 2147483647;
			files = (
			);
			runOnlyForDeploymentPostprocessing = 0;
		};
/* End PBXResourcesBuildPhase section */

/* Begin PBXShellScriptBuildPhase section */
		032B2531CBD1B3FEDB32FF8E /* [CP] Copy Pods Resources */ = {
			isa = PBXShellScriptBuildPhase;
			buildActionMask = 2147483647;
			files = (
			);
			inputPaths = (
			);
			name = "[CP] Copy Pods Resources";
			outputPaths = (
			);
			runOnlyForDeploymentPostprocessing = 0;
			shellPath = /bin/sh;
			shellScript = "\"${SRCROOT}/Pods/Target Support Files/Pods-TraceLog-iOS-Tests/Pods-TraceLog-iOS-Tests-resources.sh\"\n";
			showEnvVarsInLog = 0;
		};
		0C48A437DB7F7F0D57BDE53C /* [CP] Copy Pods Resources */ = {
			isa = PBXShellScriptBuildPhase;
			buildActionMask = 2147483647;
			files = (
			);
			inputPaths = (
			);
			name = "[CP] Copy Pods Resources";
			outputPaths = (
			);
			runOnlyForDeploymentPostprocessing = 0;
			shellPath = /bin/sh;
			shellScript = "\"${SRCROOT}/Pods/Target Support Files/Pods-TraceLog-OSX-Tests/Pods-TraceLog-OSX-Tests-resources.sh\"\n";
			showEnvVarsInLog = 0;
		};
		387525326E3BD009F4BA567A /* [CP] Embed Pods Frameworks */ = {
			isa = PBXShellScriptBuildPhase;
			buildActionMask = 2147483647;
			files = (
			);
			inputPaths = (
			);
			name = "[CP] Embed Pods Frameworks";
			outputPaths = (
			);
			runOnlyForDeploymentPostprocessing = 0;
			shellPath = /bin/sh;
			shellScript = "\"${SRCROOT}/Pods/Target Support Files/Pods-TraceLog-iOS/Pods-TraceLog-iOS-frameworks.sh\"\n";
			showEnvVarsInLog = 0;
		};
		62820522B5D5AADD29CCCA4A /* [CP] Check Pods Manifest.lock */ = {
			isa = PBXShellScriptBuildPhase;
			buildActionMask = 2147483647;
			files = (
			);
			inputPaths = (
			);
			name = "[CP] Check Pods Manifest.lock";
			outputPaths = (
			);
			runOnlyForDeploymentPostprocessing = 0;
			shellPath = /bin/sh;
			shellScript = "diff \"${PODS_ROOT}/../Podfile.lock\" \"${PODS_ROOT}/Manifest.lock\" > /dev/null\nif [[ $? != 0 ]] ; then\n    cat << EOM\nerror: The sandbox is not in sync with the Podfile.lock. Run 'pod install' or update your CocoaPods installation.\nEOM\n    exit 1\nfi\n";
			showEnvVarsInLog = 0;
		};
		695C53796AEDDA09896A8CB1 /* [CP] Embed Pods Frameworks */ = {
			isa = PBXShellScriptBuildPhase;
			buildActionMask = 2147483647;
			files = (
			);
			inputPaths = (
			);
			name = "[CP] Embed Pods Frameworks";
			outputPaths = (
			);
			runOnlyForDeploymentPostprocessing = 0;
			shellPath = /bin/sh;
			shellScript = "\"${SRCROOT}/Pods/Target Support Files/Pods-TraceLog-OSX-Tests/Pods-TraceLog-OSX-Tests-frameworks.sh\"\n";
			showEnvVarsInLog = 0;
		};
		76760C8277893314BF36A285 /* [CP] Copy Pods Resources */ = {
			isa = PBXShellScriptBuildPhase;
			buildActionMask = 2147483647;
			files = (
			);
			inputPaths = (
			);
			name = "[CP] Copy Pods Resources";
			outputPaths = (
			);
			runOnlyForDeploymentPostprocessing = 0;
			shellPath = /bin/sh;
			shellScript = "\"${SRCROOT}/Pods/Target Support Files/Pods-TraceLog-OSX/Pods-TraceLog-OSX-resources.sh\"\n";
			showEnvVarsInLog = 0;
		};
		86EE762D5131FCCA085AA61F /* [CP] Check Pods Manifest.lock */ = {
			isa = PBXShellScriptBuildPhase;
			buildActionMask = 2147483647;
			files = (
			);
			inputPaths = (
			);
			name = "[CP] Check Pods Manifest.lock";
			outputPaths = (
			);
			runOnlyForDeploymentPostprocessing = 0;
			shellPath = /bin/sh;
			shellScript = "diff \"${PODS_ROOT}/../Podfile.lock\" \"${PODS_ROOT}/Manifest.lock\" > /dev/null\nif [[ $? != 0 ]] ; then\n    cat << EOM\nerror: The sandbox is not in sync with the Podfile.lock. Run 'pod install' or update your CocoaPods installation.\nEOM\n    exit 1\nfi\n";
			showEnvVarsInLog = 0;
		};
		884B343373A637077AC6094E /* [CP] Embed Pods Frameworks */ = {
			isa = PBXShellScriptBuildPhase;
			buildActionMask = 2147483647;
			files = (
			);
			inputPaths = (
			);
			name = "[CP] Embed Pods Frameworks";
			outputPaths = (
			);
			runOnlyForDeploymentPostprocessing = 0;
			shellPath = /bin/sh;
			shellScript = "\"${SRCROOT}/Pods/Target Support Files/Pods-TraceLog-OSX/Pods-TraceLog-OSX-frameworks.sh\"\n";
			showEnvVarsInLog = 0;
		};
		9D6FB2FE9C923DD20F173BCE /* [CP] Check Pods Manifest.lock */ = {
			isa = PBXShellScriptBuildPhase;
			buildActionMask = 2147483647;
			files = (
			);
			inputPaths = (
			);
			name = "[CP] Check Pods Manifest.lock";
			outputPaths = (
			);
			runOnlyForDeploymentPostprocessing = 0;
			shellPath = /bin/sh;
			shellScript = "diff \"${PODS_ROOT}/../Podfile.lock\" \"${PODS_ROOT}/Manifest.lock\" > /dev/null\nif [[ $? != 0 ]] ; then\n    cat << EOM\nerror: The sandbox is not in sync with the Podfile.lock. Run 'pod install' or update your CocoaPods installation.\nEOM\n    exit 1\nfi\n";
			showEnvVarsInLog = 0;
		};
		BC27599EC3391196F1E50A92 /* [CP] Embed Pods Frameworks */ = {
			isa = PBXShellScriptBuildPhase;
			buildActionMask = 2147483647;
			files = (
			);
			inputPaths = (
			);
			name = "[CP] Embed Pods Frameworks";
			outputPaths = (
			);
			runOnlyForDeploymentPostprocessing = 0;
			shellPath = /bin/sh;
			shellScript = "\"${SRCROOT}/Pods/Target Support Files/Pods-TraceLog-iOS-Tests/Pods-TraceLog-iOS-Tests-frameworks.sh\"\n";
			showEnvVarsInLog = 0;
		};
		D0B5A541E1892BAD6E1B8C83 /* [CP] Check Pods Manifest.lock */ = {
			isa = PBXShellScriptBuildPhase;
			buildActionMask = 2147483647;
			files = (
			);
			inputPaths = (
			);
			name = "[CP] Check Pods Manifest.lock";
			outputPaths = (
			);
			runOnlyForDeploymentPostprocessing = 0;
			shellPath = /bin/sh;
			shellScript = "diff \"${PODS_ROOT}/../Podfile.lock\" \"${PODS_ROOT}/Manifest.lock\" > /dev/null\nif [[ $? != 0 ]] ; then\n    cat << EOM\nerror: The sandbox is not in sync with the Podfile.lock. Run 'pod install' or update your CocoaPods installation.\nEOM\n    exit 1\nfi\n";
			showEnvVarsInLog = 0;
		};
		DEF7D63EDBFFC0614D1F32B4 /* [CP] Copy Pods Resources */ = {
			isa = PBXShellScriptBuildPhase;
			buildActionMask = 2147483647;
			files = (
			);
			inputPaths = (
			);
			name = "[CP] Copy Pods Resources";
			outputPaths = (
			);
			runOnlyForDeploymentPostprocessing = 0;
			shellPath = /bin/sh;
			shellScript = "\"${SRCROOT}/Pods/Target Support Files/Pods-TraceLog-iOS/Pods-TraceLog-iOS-resources.sh\"\n";
			showEnvVarsInLog = 0;
		};
		EA7E7AF21DA2025700E3B511 /* ShellScript */ = {
			isa = PBXShellScriptBuildPhase;
			buildActionMask = 2147483647;
			files = (
			);
			inputPaths = (
			);
			outputPaths = (
			);
			runOnlyForDeploymentPostprocessing = 0;
			shellPath = /bin/sh;
			shellScript = "export LC_ALL=en_US.UTF-8\ncd ../\nScripts/process_test_files.rb";
		};
/* End PBXShellScriptBuildPhase section */

/* Begin PBXSourcesBuildPhase section */
		6003F586195388D20070C39A /* Sources */ = {
			isa = PBXSourcesBuildPhase;
			buildActionMask = 2147483647;
			files = (
				EA3038021BEA882E00DC4084 /* TLViewController.m in Sources */,
				EA3038011BEA882E00DC4084 /* TLAppDelegate.m in Sources */,
				EA3037FA1BEA880300DC4084 /* main.m in Sources */,
			);
			runOnlyForDeploymentPostprocessing = 0;
		};
		6003F5AA195388D20070C39A /* Sources */ = {
			isa = PBXSourcesBuildPhase;
			buildActionMask = 2147483647;
			files = (
				EA7E7B0C1DA30E9000E3B511 /* LoggerProxy.swift in Sources */,
				EA2FC7EE1DA4A00A00902D21 /* TraceLogTests.swift in Sources */,
				EA68802C1DA5AE0500119145 /* ConfigurationTests.swift in Sources */,
				EA7E7B0B1DA30E8D00E3B511 /* TraceLogTests.m in Sources */,
				EA1E259D1DA5891100CECAA8 /* EnvironmentTests.swift in Sources */,
				EA2FC7EF1DA4A01100902D21 /* TraceLogPerformanceTests.swift in Sources */,
			);
			runOnlyForDeploymentPostprocessing = 0;
		};
		EA5C7FB01BEBAA7000B3951D /* Sources */ = {
			isa = PBXSourcesBuildPhase;
			buildActionMask = 2147483647;
			files = (
				EA5C7FB71BEBAA7000B3951D /* AppDelegate.swift in Sources */,
			);
			runOnlyForDeploymentPostprocessing = 0;
		};
		EA5C7FBE1BEBAA7000B3951D /* Sources */ = {
			isa = PBXSourcesBuildPhase;
			buildActionMask = 2147483647;
			files = (
				EA7E7B101DA30EAD00E3B511 /* LoggerProxy.swift in Sources */,
				EA7E7B121DA30EB600E3B511 /* TraceLogPerformanceTests.swift in Sources */,
				EA7E7B0D1DA30E9C00E3B511 /* TraceLogTests.m in Sources */,
				EA68802D1DA5AE0500119145 /* ConfigurationTests.swift in Sources */,
				EA7E7B111DA30EB100E3B511 /* TraceLogTests.swift in Sources */,
				EA7E7B0F1DA30EA500E3B511 /* TraceLogPerformanceTests.m in Sources */,
				EA1E259E1DA5891200CECAA8 /* EnvironmentTests.swift in Sources */,
			);
			runOnlyForDeploymentPostprocessing = 0;
		};
/* End PBXSourcesBuildPhase section */

/* Begin PBXTargetDependency section */
		6003F5B4195388D20070C39A /* PBXTargetDependency */ = {
			isa = PBXTargetDependency;
			target = 6003F589195388D20070C39A /* TraceLog-iOS */;
			targetProxy = 6003F5B3195388D20070C39A /* PBXContainerItemProxy */;
		};
		EA5C7FC41BEBAA7000B3951D /* PBXTargetDependency */ = {
			isa = PBXTargetDependency;
			target = EA5C7FB31BEBAA7000B3951D /* TraceLog-OSX */;
			targetProxy = EA5C7FC31BEBAA7000B3951D /* PBXContainerItemProxy */;
		};
/* End PBXTargetDependency section */

/* Begin PBXVariantGroup section */
		EA30383C1BEA8C1A00DC4084 /* InfoPlist.strings */ = {
			isa = PBXVariantGroup;
			children = (
				EA30383D1BEA8C1A00DC4084 /* en */,
			);
			name = InfoPlist.strings;
			sourceTree = "<group>";
		};
		EA30383F1BEA8D6800DC4084 /* Main_iPad.storyboard */ = {
			isa = PBXVariantGroup;
			children = (
				EA3038401BEA8D6800DC4084 /* Base */,
			);
			name = Main_iPad.storyboard;
			sourceTree = "<group>";
		};
		EA3038411BEA8D6800DC4084 /* Main_iPhone.storyboard */ = {
			isa = PBXVariantGroup;
			children = (
				EA3038421BEA8D6800DC4084 /* Base */,
			);
			name = Main_iPhone.storyboard;
			sourceTree = "<group>";
		};
		EA3038451BEA8E3400DC4084 /* InfoPlist.strings */ = {
			isa = PBXVariantGroup;
			children = (
				EA3038461BEA8E3400DC4084 /* en */,
			);
			name = InfoPlist.strings;
			sourceTree = "<group>";
		};
		EA5C7FBA1BEBAA7000B3951D /* MainMenu.xib */ = {
			isa = PBXVariantGroup;
			children = (
				EA5C7FBB1BEBAA7000B3951D /* Base */,
			);
			name = MainMenu.xib;
			sourceTree = "<group>";
		};
/* End PBXVariantGroup section */

/* Begin XCBuildConfiguration section */
		6003F5BD195388D20070C39A /* Debug */ = {
			isa = XCBuildConfiguration;
			buildSettings = {
				ALWAYS_SEARCH_USER_PATHS = NO;
				CLANG_CXX_LANGUAGE_STANDARD = "gnu++0x";
				CLANG_CXX_LIBRARY = "libc++";
				CLANG_ENABLE_MODULES = YES;
				CLANG_ENABLE_OBJC_ARC = YES;
				CLANG_WARN_BOOL_CONVERSION = YES;
				CLANG_WARN_CONSTANT_CONVERSION = YES;
				CLANG_WARN_DIRECT_OBJC_ISA_USAGE = YES_ERROR;
				CLANG_WARN_EMPTY_BODY = YES;
				CLANG_WARN_ENUM_CONVERSION = YES;
				CLANG_WARN_INFINITE_RECURSION = YES;
				CLANG_WARN_INT_CONVERSION = YES;
				CLANG_WARN_OBJC_ROOT_CLASS = YES_ERROR;
				CLANG_WARN_SUSPICIOUS_MOVE = YES;
				CLANG_WARN_UNREACHABLE_CODE = YES;
				CLANG_WARN__DUPLICATE_METHOD_MATCH = YES;
				"CODE_SIGN_IDENTITY[sdk=iphoneos*]" = "iPhone Developer";
				COPY_PHASE_STRIP = NO;
				ENABLE_STRICT_OBJC_MSGSEND = YES;
				ENABLE_TESTABILITY = YES;
				GCC_C_LANGUAGE_STANDARD = gnu99;
				GCC_DYNAMIC_NO_PIC = NO;
				GCC_NO_COMMON_BLOCKS = YES;
				GCC_OPTIMIZATION_LEVEL = 0;
				GCC_PREPROCESSOR_DEFINITIONS = (
					"DEBUG=1",
					"$(inherited)",
				);
				GCC_SYMBOLS_PRIVATE_EXTERN = NO;
				GCC_WARN_64_TO_32_BIT_CONVERSION = YES;
				GCC_WARN_ABOUT_RETURN_TYPE = YES_ERROR;
				GCC_WARN_UNDECLARED_SELECTOR = YES;
				GCC_WARN_UNINITIALIZED_AUTOS = YES_AGGRESSIVE;
				GCC_WARN_UNUSED_FUNCTION = YES;
				GCC_WARN_UNUSED_VARIABLE = YES;
				IPHONEOS_DEPLOYMENT_TARGET = 8.0;
				MACOSX_DEPLOYMENT_TARGET = 10.10;
				ONLY_ACTIVE_ARCH = YES;
				SDKROOT = iphoneos;
				TARGETED_DEVICE_FAMILY = "1,2";
			};
			name = Debug;
		};
		6003F5BE195388D20070C39A /* Release */ = {
			isa = XCBuildConfiguration;
			buildSettings = {
				ALWAYS_SEARCH_USER_PATHS = NO;
				CLANG_CXX_LANGUAGE_STANDARD = "gnu++0x";
				CLANG_CXX_LIBRARY = "libc++";
				CLANG_ENABLE_MODULES = YES;
				CLANG_ENABLE_OBJC_ARC = YES;
				CLANG_WARN_BOOL_CONVERSION = YES;
				CLANG_WARN_CONSTANT_CONVERSION = YES;
				CLANG_WARN_DIRECT_OBJC_ISA_USAGE = YES_ERROR;
				CLANG_WARN_EMPTY_BODY = YES;
				CLANG_WARN_ENUM_CONVERSION = YES;
				CLANG_WARN_INFINITE_RECURSION = YES;
				CLANG_WARN_INT_CONVERSION = YES;
				CLANG_WARN_OBJC_ROOT_CLASS = YES_ERROR;
				CLANG_WARN_SUSPICIOUS_MOVE = YES;
				CLANG_WARN_UNREACHABLE_CODE = YES;
				CLANG_WARN__DUPLICATE_METHOD_MATCH = YES;
				"CODE_SIGN_IDENTITY[sdk=iphoneos*]" = "iPhone Developer";
				COPY_PHASE_STRIP = YES;
				ENABLE_NS_ASSERTIONS = NO;
				ENABLE_STRICT_OBJC_MSGSEND = YES;
				GCC_C_LANGUAGE_STANDARD = gnu99;
				GCC_NO_COMMON_BLOCKS = YES;
				GCC_WARN_64_TO_32_BIT_CONVERSION = YES;
				GCC_WARN_ABOUT_RETURN_TYPE = YES_ERROR;
				GCC_WARN_UNDECLARED_SELECTOR = YES;
				GCC_WARN_UNINITIALIZED_AUTOS = YES_AGGRESSIVE;
				GCC_WARN_UNUSED_FUNCTION = YES;
				GCC_WARN_UNUSED_VARIABLE = YES;
				IPHONEOS_DEPLOYMENT_TARGET = 8.0;
				MACOSX_DEPLOYMENT_TARGET = 10.10;
				SDKROOT = iphoneos;
				SWIFT_OPTIMIZATION_LEVEL = "-Owholemodule";
				TARGETED_DEVICE_FAMILY = "1,2";
				VALIDATE_PRODUCT = YES;
			};
			name = Release;
		};
		6003F5C0195388D20070C39A /* Debug */ = {
			isa = XCBuildConfiguration;
			baseConfigurationReference = 740C8B86BD0F07F638272F4F /* Pods-TraceLog-iOS.debug.xcconfig */;
			buildSettings = {
				ALWAYS_EMBED_SWIFT_STANDARD_LIBRARIES = YES;
				ASSETCATALOG_COMPILER_APPICON_NAME = AppIcon;
				ASSETCATALOG_COMPILER_LAUNCHIMAGE_NAME = LaunchImage;
				CLANG_ENABLE_MODULES = YES;
				"CODE_SIGN_IDENTITY[sdk=iphoneos*]" = "";
				GCC_PRECOMPILE_PREFIX_HEADER = YES;
				GCC_PREFIX_HEADER = "TraceLog-iOS/TraceLog-Prefix.pch";
				INFOPLIST_FILE = "$(SRCROOT)/TraceLog-iOS/Info.plist";
				IPHONEOS_DEPLOYMENT_TARGET = 8.0;
				LD_RUNPATH_SEARCH_PATHS = "$(inherited) @executable_path/Frameworks";
				PRODUCT_BUNDLE_IDENTIFIER = "org.cocoapods.demo.${PRODUCT_NAME:rfc1034identifier}";
				PRODUCT_NAME = "$(TARGET_NAME)";
				SWIFT_OBJC_BRIDGING_HEADER = "Tests/TraceLog-iOS-Bridging-Header.h";
				SWIFT_OPTIMIZATION_LEVEL = "-Onone";
				SWIFT_VERSION = 3.0;
				TARGETED_DEVICE_FAMILY = "1,2";
				WRAPPER_EXTENSION = app;
			};
			name = Debug;
		};
		6003F5C1195388D20070C39A /* Release */ = {
			isa = XCBuildConfiguration;
			baseConfigurationReference = 567BE3CD48B3A5FC7EB7D0B3 /* Pods-TraceLog-iOS.release.xcconfig */;
			buildSettings = {
				ALWAYS_EMBED_SWIFT_STANDARD_LIBRARIES = YES;
				ASSETCATALOG_COMPILER_APPICON_NAME = AppIcon;
				ASSETCATALOG_COMPILER_LAUNCHIMAGE_NAME = LaunchImage;
				CLANG_ENABLE_MODULES = YES;
				"CODE_SIGN_IDENTITY[sdk=iphoneos*]" = "";
				GCC_PRECOMPILE_PREFIX_HEADER = YES;
				GCC_PREFIX_HEADER = "TraceLog-iOS/TraceLog-Prefix.pch";
				GCC_PREPROCESSOR_DEFINITIONS = (
					"$(inherited)",
					"COCOAPODS=1",
				);
				INFOPLIST_FILE = "$(SRCROOT)/TraceLog-iOS/Info.plist";
				IPHONEOS_DEPLOYMENT_TARGET = 8.0;
				LD_RUNPATH_SEARCH_PATHS = "$(inherited) @executable_path/Frameworks";
				PRODUCT_BUNDLE_IDENTIFIER = "org.cocoapods.demo.${PRODUCT_NAME:rfc1034identifier}";
				PRODUCT_NAME = "$(TARGET_NAME)";
				SWIFT_OBJC_BRIDGING_HEADER = "Tests/TraceLog-iOS-Bridging-Header.h";
				SWIFT_VERSION = 3.0;
				TARGETED_DEVICE_FAMILY = "1,2";
				WRAPPER_EXTENSION = app;
			};
			name = Release;
		};
		6003F5C3195388D20070C39A /* Debug */ = {
			isa = XCBuildConfiguration;
			baseConfigurationReference = DAD59558981C388F77499E21 /* Pods-TraceLog-iOS-Tests.debug.xcconfig */;
			buildSettings = {
				BUNDLE_LOADER = "$(TEST_HOST)";
				CLANG_ENABLE_MODULES = YES;
				"CODE_SIGN_IDENTITY[sdk=iphoneos*]" = "";
				FRAMEWORK_SEARCH_PATHS = (
					"$(inherited)",
					"$(DEVELOPER_FRAMEWORKS_DIR)",
				);
				GCC_PRECOMPILE_PREFIX_HEADER = YES;
				GCC_PREFIX_HEADER = "TraceLog-iOS-Tests/Tests-Prefix.pch";
				GCC_PREPROCESSOR_DEFINITIONS = (
					"DEBUG=1",
					"$(inherited)",
				);
				INFOPLIST_FILE = "TraceLog-iOS-Tests/Tests-Info.plist";
				IPHONEOS_DEPLOYMENT_TARGET = 8.0;
				LD_RUNPATH_SEARCH_PATHS = "$(inherited) @executable_path/Frameworks @loader_path/Frameworks";
				PRODUCT_BUNDLE_IDENTIFIER = "org.cocoapods.demo.${PRODUCT_NAME:rfc1034identifier}";
				PRODUCT_NAME = "$(TARGET_NAME)";
				SWIFT_OBJC_BRIDGING_HEADER = "../Tests/Tests-Bridging-Header.h";
				SWIFT_OPTIMIZATION_LEVEL = "-Onone";
				SWIFT_VERSION = 3.0;
				TEST_HOST = "$(BUILT_PRODUCTS_DIR)/TraceLog-iOS.app/TraceLog-iOS";
				WRAPPER_EXTENSION = xctest;
			};
			name = Debug;
		};
		6003F5C4195388D20070C39A /* Release */ = {
			isa = XCBuildConfiguration;
			baseConfigurationReference = 01A5A6E364804B51BADF10AC /* Pods-TraceLog-iOS-Tests.release.xcconfig */;
			buildSettings = {
				BUNDLE_LOADER = "$(TEST_HOST)";
				CLANG_ENABLE_MODULES = YES;
				"CODE_SIGN_IDENTITY[sdk=iphoneos*]" = "";
				FRAMEWORK_SEARCH_PATHS = (
					"$(inherited)",
					"$(DEVELOPER_FRAMEWORKS_DIR)",
				);
				GCC_PRECOMPILE_PREFIX_HEADER = YES;
				GCC_PREFIX_HEADER = "TraceLog-iOS-Tests/Tests-Prefix.pch";
				INFOPLIST_FILE = "TraceLog-iOS-Tests/Tests-Info.plist";
				IPHONEOS_DEPLOYMENT_TARGET = 8.0;
				LD_RUNPATH_SEARCH_PATHS = "$(inherited) @executable_path/Frameworks @loader_path/Frameworks";
				PRODUCT_BUNDLE_IDENTIFIER = "org.cocoapods.demo.${PRODUCT_NAME:rfc1034identifier}";
				PRODUCT_NAME = "$(TARGET_NAME)";
				SWIFT_OBJC_BRIDGING_HEADER = "../Tests/Tests-Bridging-Header.h";
				SWIFT_VERSION = 3.0;
				TEST_HOST = "$(BUILT_PRODUCTS_DIR)/TraceLog-iOS.app/TraceLog-iOS";
				WRAPPER_EXTENSION = xctest;
			};
			name = Release;
		};
		EA5C7FCA1BEBAA7000B3951D /* Debug */ = {
			isa = XCBuildConfiguration;
			baseConfigurationReference = 8DF17784A5C7FB790721CD56 /* Pods-TraceLog-OSX.debug.xcconfig */;
			buildSettings = {
				ALWAYS_EMBED_SWIFT_STANDARD_LIBRARIES = YES;
				ASSETCATALOG_COMPILER_APPICON_NAME = AppIcon;
				CLANG_WARN_UNREACHABLE_CODE = YES;
				CODE_SIGN_IDENTITY = "";
				COMBINE_HIDPI_IMAGES = YES;
				DEBUG_INFORMATION_FORMAT = dwarf;
				ENABLE_STRICT_OBJC_MSGSEND = YES;
				GCC_NO_COMMON_BLOCKS = YES;
				INFOPLIST_FILE = "TraceLog-OSX/Info.plist";
				LD_RUNPATH_SEARCH_PATHS = "$(inherited) @executable_path/../Frameworks";
				MTL_ENABLE_DEBUG_INFO = YES;
				OTHER_SWIFT_FLAGS = "$(inherited) \"-D\"  \"DEBUG\"";
				PRODUCT_BUNDLE_IDENTIFIER = "org.cocoapods.demo.TraceLog-OSX";
				PRODUCT_NAME = "$(TARGET_NAME)";
				SDKROOT = macosx;
				SWIFT_OPTIMIZATION_LEVEL = "-Onone";
				SWIFT_VERSION = 3.0;
			};
			name = Debug;
		};
		EA5C7FCB1BEBAA7000B3951D /* Release */ = {
			isa = XCBuildConfiguration;
			baseConfigurationReference = C6FC67581D386ED7A654BFBA /* Pods-TraceLog-OSX.release.xcconfig */;
			buildSettings = {
				ALWAYS_EMBED_SWIFT_STANDARD_LIBRARIES = YES;
				ASSETCATALOG_COMPILER_APPICON_NAME = AppIcon;
				CLANG_WARN_UNREACHABLE_CODE = YES;
				CODE_SIGN_IDENTITY = "";
				COMBINE_HIDPI_IMAGES = YES;
				COPY_PHASE_STRIP = NO;
				DEBUG_INFORMATION_FORMAT = "dwarf-with-dsym";
				ENABLE_STRICT_OBJC_MSGSEND = YES;
				GCC_NO_COMMON_BLOCKS = YES;
				INFOPLIST_FILE = "TraceLog-OSX/Info.plist";
				LD_RUNPATH_SEARCH_PATHS = "$(inherited) @executable_path/../Frameworks";
				MTL_ENABLE_DEBUG_INFO = NO;
				PRODUCT_BUNDLE_IDENTIFIER = "org.cocoapods.demo.TraceLog-OSX";
				PRODUCT_NAME = "$(TARGET_NAME)";
				SDKROOT = macosx;
				SWIFT_VERSION = 3.0;
			};
			name = Release;
		};
		EA5C7FCD1BEBAA7000B3951D /* Debug */ = {
			isa = XCBuildConfiguration;
			baseConfigurationReference = 891473E71DC2552104DE267A /* Pods-TraceLog-OSX-Tests.debug.xcconfig */;
			buildSettings = {
				ALWAYS_EMBED_SWIFT_STANDARD_LIBRARIES = YES;
				BUNDLE_LOADER = "$(TEST_HOST)";
				CLANG_ENABLE_MODULES = YES;
				CLANG_WARN_UNREACHABLE_CODE = YES;
				CODE_SIGN_IDENTITY = "";
				COMBINE_HIDPI_IMAGES = YES;
				DEBUG_INFORMATION_FORMAT = dwarf;
				ENABLE_STRICT_OBJC_MSGSEND = YES;
				GCC_NO_COMMON_BLOCKS = YES;
				INFOPLIST_FILE = "TraceLog-OSX-Tests/Info.plist";
				LD_RUNPATH_SEARCH_PATHS = "$(inherited) @executable_path/../Frameworks @loader_path/../Frameworks";
				MTL_ENABLE_DEBUG_INFO = YES;
				PRODUCT_BUNDLE_IDENTIFIER = "org.cocoapods.demo.TraceLog-OSX-Tests";
				PRODUCT_NAME = "$(TARGET_NAME)";
				SDKROOT = macosx;
				SWIFT_OBJC_BRIDGING_HEADER = "../Tests/Tests-Bridging-Header.h";
				SWIFT_OPTIMIZATION_LEVEL = "-Onone";
				SWIFT_VERSION = 3.0;
				TEST_HOST = "$(BUILT_PRODUCTS_DIR)/TraceLog-OSX.app/Contents/MacOS/TraceLog-OSX";
			};
			name = Debug;
		};
		EA5C7FCE1BEBAA7000B3951D /* Release */ = {
			isa = XCBuildConfiguration;
			baseConfigurationReference = F6F6EC735F92A56AF571C04D /* Pods-TraceLog-OSX-Tests.release.xcconfig */;
			buildSettings = {
				ALWAYS_EMBED_SWIFT_STANDARD_LIBRARIES = YES;
				BUNDLE_LOADER = "$(TEST_HOST)";
				CLANG_ENABLE_MODULES = YES;
				CLANG_WARN_UNREACHABLE_CODE = YES;
				CODE_SIGN_IDENTITY = "";
				COMBINE_HIDPI_IMAGES = YES;
				COPY_PHASE_STRIP = NO;
				DEBUG_INFORMATION_FORMAT = "dwarf-with-dsym";
				ENABLE_STRICT_OBJC_MSGSEND = YES;
				GCC_NO_COMMON_BLOCKS = YES;
				INFOPLIST_FILE = "TraceLog-OSX-Tests/Info.plist";
				LD_RUNPATH_SEARCH_PATHS = "$(inherited) @executable_path/../Frameworks @loader_path/../Frameworks";
				MTL_ENABLE_DEBUG_INFO = NO;
				PRODUCT_BUNDLE_IDENTIFIER = "org.cocoapods.demo.TraceLog-OSX-Tests";
				PRODUCT_NAME = "$(TARGET_NAME)";
				SDKROOT = macosx;
				SWIFT_OBJC_BRIDGING_HEADER = "../Tests/Tests-Bridging-Header.h";
				SWIFT_VERSION = 3.0;
				TEST_HOST = "$(BUILT_PRODUCTS_DIR)/TraceLog-OSX.app/Contents/MacOS/TraceLog-OSX";
			};
			name = Release;
		};
		EA7E7AF01DA2025000E3B511 /* Debug */ = {
			isa = XCBuildConfiguration;
			buildSettings = {
				PRODUCT_NAME = "$(TARGET_NAME)";
			};
			name = Debug;
		};
		EA7E7AF11DA2025000E3B511 /* Release */ = {
			isa = XCBuildConfiguration;
			buildSettings = {
				PRODUCT_NAME = "$(TARGET_NAME)";
			};
			name = Release;
		};
/* End XCBuildConfiguration section */

/* Begin XCConfigurationList section */
		6003F585195388D10070C39A /* Build configuration list for PBXProject "TraceLog" */ = {
			isa = XCConfigurationList;
			buildConfigurations = (
				6003F5BD195388D20070C39A /* Debug */,
				6003F5BE195388D20070C39A /* Release */,
			);
			defaultConfigurationIsVisible = 0;
			defaultConfigurationName = Release;
		};
		6003F5BF195388D20070C39A /* Build configuration list for PBXNativeTarget "TraceLog-iOS" */ = {
			isa = XCConfigurationList;
			buildConfigurations = (
				6003F5C0195388D20070C39A /* Debug */,
				6003F5C1195388D20070C39A /* Release */,
			);
			defaultConfigurationIsVisible = 0;
			defaultConfigurationName = Release;
		};
		6003F5C2195388D20070C39A /* Build configuration list for PBXNativeTarget "TraceLog-iOS-Tests" */ = {
			isa = XCConfigurationList;
			buildConfigurations = (
				6003F5C3195388D20070C39A /* Debug */,
				6003F5C4195388D20070C39A /* Release */,
			);
			defaultConfigurationIsVisible = 0;
			defaultConfigurationName = Release;
		};
		EA5C7FC91BEBAA7000B3951D /* Build configuration list for PBXNativeTarget "TraceLog-OSX" */ = {
			isa = XCConfigurationList;
			buildConfigurations = (
				EA5C7FCA1BEBAA7000B3951D /* Debug */,
				EA5C7FCB1BEBAA7000B3951D /* Release */,
			);
			defaultConfigurationIsVisible = 0;
			defaultConfigurationName = Release;
		};
		EA5C7FCC1BEBAA7000B3951D /* Build configuration list for PBXNativeTarget "TraceLog-OSX-Tests" */ = {
			isa = XCConfigurationList;
			buildConfigurations = (
				EA5C7FCD1BEBAA7000B3951D /* Debug */,
				EA5C7FCE1BEBAA7000B3951D /* Release */,
			);
			defaultConfigurationIsVisible = 0;
			defaultConfigurationName = Release;
		};
		EA7E7AEF1DA2025000E3B511 /* Build configuration list for PBXAggregateTarget "Process Test Files" */ = {
			isa = XCConfigurationList;
			buildConfigurations = (
				EA7E7AF01DA2025000E3B511 /* Debug */,
				EA7E7AF11DA2025000E3B511 /* Release */,
			);
			defaultConfigurationIsVisible = 0;
			defaultConfigurationName = Release;
		};
/* End XCConfigurationList section */
	};
	rootObject = 6003F582195388D10070C39A /* Project object */;
}
